// !$*UTF8*$!
{
	archiveVersion = 1;
	classes = {
	};
	objectVersion = 46;
	objects = {

/* Begin PBXBuildFile section */
		B3733CCF1778C75300714B6E /* Default-568h@2x.png in Resources */ = {isa = PBXBuildFile; fileRef = B3733CCB1778C75300714B6E /* Default-568h@2x.png */; };
		B3733CD01778C75300714B6E /* glyphicons_003_user.png in Resources */ = {isa = PBXBuildFile; fileRef = B3733CCC1778C75300714B6E /* glyphicons_003_user.png */; };
		B3733CD11778C75300714B6E /* glyphicons_355_bullhorn.png in Resources */ = {isa = PBXBuildFile; fileRef = B3733CCD1778C75300714B6E /* glyphicons_355_bullhorn.png */; };
		B3733CD21778C75300714B6E /* robot_gravatar.png in Resources */ = {isa = PBXBuildFile; fileRef = B3733CCE1778C75300714B6E /* robot_gravatar.png */; };
		B3733CD81778D5DD00714B6E /* UIColor+HexColor.m in Sources */ = {isa = PBXBuildFile; fileRef = B3733CD71778D5DD00714B6E /* UIColor+HexColor.m */; };
		B3733CF11779EA1400714B6E /* AFHTTPClient.m in Sources */ = {isa = PBXBuildFile; fileRef = B3733CDF1779EA1400714B6E /* AFHTTPClient.m */; settings = {COMPILER_FLAGS = "-fobjc-arc"; }; };
		B3733CF21779EA1400714B6E /* AFHTTPRequestOperation.m in Sources */ = {isa = PBXBuildFile; fileRef = B3733CE11779EA1400714B6E /* AFHTTPRequestOperation.m */; settings = {COMPILER_FLAGS = "-fobjc-arc"; }; };
		B3733CF31779EA1400714B6E /* AFImageRequestOperation.m in Sources */ = {isa = PBXBuildFile; fileRef = B3733CE31779EA1400714B6E /* AFImageRequestOperation.m */; settings = {COMPILER_FLAGS = "-fobjc-arc"; }; };
		B3733CF41779EA1400714B6E /* AFJSONRequestOperation.m in Sources */ = {isa = PBXBuildFile; fileRef = B3733CE51779EA1400714B6E /* AFJSONRequestOperation.m */; settings = {COMPILER_FLAGS = "-fobjc-arc"; }; };
		B3733CF51779EA1400714B6E /* AFNetworkActivityIndicatorManager.m in Sources */ = {isa = PBXBuildFile; fileRef = B3733CE71779EA1400714B6E /* AFNetworkActivityIndicatorManager.m */; settings = {COMPILER_FLAGS = "-fobjc-arc"; }; };
		B3733CF61779EA1400714B6E /* AFPropertyListRequestOperation.m in Sources */ = {isa = PBXBuildFile; fileRef = B3733CEA1779EA1400714B6E /* AFPropertyListRequestOperation.m */; settings = {COMPILER_FLAGS = "-fobjc-arc"; }; };
		B3733CF71779EA1400714B6E /* AFURLConnectionOperation.m in Sources */ = {isa = PBXBuildFile; fileRef = B3733CEC1779EA1400714B6E /* AFURLConnectionOperation.m */; settings = {COMPILER_FLAGS = "-fobjc-arc"; }; };
		B3733CF81779EA1400714B6E /* AFXMLRequestOperation.m in Sources */ = {isa = PBXBuildFile; fileRef = B3733CEE1779EA1400714B6E /* AFXMLRequestOperation.m */; settings = {COMPILER_FLAGS = "-fobjc-arc"; }; };
		B3733CF91779EA1400714B6E /* UIImageView+AFNetworking.m in Sources */ = {isa = PBXBuildFile; fileRef = B3733CF01779EA1400714B6E /* UIImageView+AFNetworking.m */; settings = {COMPILER_FLAGS = "-fobjc-arc"; }; };
		B3733CFB1779F7FD00714B6E /* SystemConfiguration.framework in Frameworks */ = {isa = PBXBuildFile; fileRef = B3733CFA1779F7FD00714B6E /* SystemConfiguration.framework */; settings = {ATTRIBUTES = (Required, ); }; };
		B3733CFE177A00D900714B6E /* HumbugAPIClient.m in Sources */ = {isa = PBXBuildFile; fileRef = B3733CFD177A00D900714B6E /* HumbugAPIClient.m */; };
		C31673851620DB6B00CE9FE5 /* UIKit.framework in Frameworks */ = {isa = PBXBuildFile; fileRef = C31673841620DB6B00CE9FE5 /* UIKit.framework */; };
		C31673871620DB6B00CE9FE5 /* Foundation.framework in Frameworks */ = {isa = PBXBuildFile; fileRef = C31673861620DB6B00CE9FE5 /* Foundation.framework */; };
		C31673891620DB6B00CE9FE5 /* CoreGraphics.framework in Frameworks */ = {isa = PBXBuildFile; fileRef = C31673881620DB6B00CE9FE5 /* CoreGraphics.framework */; };
		C316738F1620DB6B00CE9FE5 /* InfoPlist.strings in Resources */ = {isa = PBXBuildFile; fileRef = C316738D1620DB6B00CE9FE5 /* InfoPlist.strings */; };
		C31673911620DB6B00CE9FE5 /* main.m in Sources */ = {isa = PBXBuildFile; fileRef = C31673901620DB6B00CE9FE5 /* main.m */; };
		C31673951620DB6B00CE9FE5 /* HumbugAppDelegate.m in Sources */ = {isa = PBXBuildFile; fileRef = C31673941620DB6B00CE9FE5 /* HumbugAppDelegate.m */; };
		C31673981620DB6B00CE9FE5 /* MainWindow.xib in Resources */ = {isa = PBXBuildFile; fileRef = C31673961620DB6B00CE9FE5 /* MainWindow.xib */; };
		C31673AC1620DB6C00CE9FE5 /* SenTestingKit.framework in Frameworks */ = {isa = PBXBuildFile; fileRef = C31673AB1620DB6C00CE9FE5 /* SenTestingKit.framework */; };
		C31673AD1620DB6C00CE9FE5 /* UIKit.framework in Frameworks */ = {isa = PBXBuildFile; fileRef = C31673841620DB6B00CE9FE5 /* UIKit.framework */; };
		C31673AE1620DB6C00CE9FE5 /* Foundation.framework in Frameworks */ = {isa = PBXBuildFile; fileRef = C31673861620DB6B00CE9FE5 /* Foundation.framework */; };
		C31673AF1620DB6C00CE9FE5 /* CoreGraphics.framework in Frameworks */ = {isa = PBXBuildFile; fileRef = C31673881620DB6B00CE9FE5 /* CoreGraphics.framework */; };
		C31673B71620DB6C00CE9FE5 /* InfoPlist.strings in Resources */ = {isa = PBXBuildFile; fileRef = C31673B51620DB6C00CE9FE5 /* InfoPlist.strings */; };
		C31673B91620DB6C00CE9FE5 /* HumbugTests.h in Resources */ = {isa = PBXBuildFile; fileRef = C31673B81620DB6C00CE9FE5 /* HumbugTests.h */; };
		C31673BB1620DB6C00CE9FE5 /* HumbugTests.m in Sources */ = {isa = PBXBuildFile; fileRef = C31673BA1620DB6C00CE9FE5 /* HumbugTests.m */; };
		E50D7573163318DA00251D1F /* Security.framework in Frameworks */ = {isa = PBXBuildFile; fileRef = E50D7572163318D900251D1F /* Security.framework */; };
		E50D757616331B6600251D1F /* Security.framework in Frameworks */ = {isa = PBXBuildFile; fileRef = E50D757516331B6600251D1F /* Security.framework */; };
		E50D757916331D7A00251D1F /* KeychainItemWrapper.m in Sources */ = {isa = PBXBuildFile; fileRef = E50D757816331D7A00251D1F /* KeychainItemWrapper.m */; };
		E570A8BF169DF81E0072BC7E /* NSString+Encode.m in Sources */ = {isa = PBXBuildFile; fileRef = E570A8BE169DF81E0072BC7E /* NSString+Encode.m */; };
		E5726A2816332BF800ED8BB1 /* StreamViewController.m in Sources */ = {isa = PBXBuildFile; fileRef = E5726A2616332BF800ED8BB1 /* StreamViewController.m */; };
		E5726A2916332BF800ED8BB1 /* StreamViewController.xib in Resources */ = {isa = PBXBuildFile; fileRef = E5726A2716332BF800ED8BB1 /* StreamViewController.xib */; };
		E577A74D16226AC4002D9651 /* MessageCell.m in Sources */ = {isa = PBXBuildFile; fileRef = E577A74C16226AC4002D9651 /* MessageCell.m */; };
		E577A74F16226AFF002D9651 /* MessageCellView.xib in Resources */ = {isa = PBXBuildFile; fileRef = E577A74E16226AFF002D9651 /* MessageCellView.xib */; };
		E598E78A1634A9950022BF4A /* ErrorViewController.m in Sources */ = {isa = PBXBuildFile; fileRef = E598E7881634A9940022BF4A /* ErrorViewController.m */; };
		E598E78B1634A9950022BF4A /* ErrorViewController.xib in Resources */ = {isa = PBXBuildFile; fileRef = E598E7891634A9940022BF4A /* ErrorViewController.xib */; };
		E5CDE07C162C88A800BBD773 /* LoginViewController.m in Sources */ = {isa = PBXBuildFile; fileRef = E5CDE07A162C88A800BBD773 /* LoginViewController.m */; };
		E5CDE07D162C88A800BBD773 /* LoginViewController.xib in Resources */ = {isa = PBXBuildFile; fileRef = E5CDE07B162C88A800BBD773 /* LoginViewController.xib */; };
		E5DC806C165D347D008B53F9 /* ComposeViewController.m in Sources */ = {isa = PBXBuildFile; fileRef = E5DC806A165D347D008B53F9 /* ComposeViewController.m */; };
		E5DC806D165D347D008B53F9 /* ComposeViewController.xib in Resources */ = {isa = PBXBuildFile; fileRef = E5DC806B165D347D008B53F9 /* ComposeViewController.xib */; };
/* End PBXBuildFile section */

/* Begin PBXContainerItemProxy section */
		C31673B01620DB6C00CE9FE5 /* PBXContainerItemProxy */ = {
			isa = PBXContainerItemProxy;
			containerPortal = C31673771620DB6A00CE9FE5 /* Project object */;
			proxyType = 1;
			remoteGlobalIDString = C316737F1620DB6B00CE9FE5;
			remoteInfo = Humbug;
		};
/* End PBXContainerItemProxy section */

/* Begin PBXFileReference section */
		B3733CCB1778C75300714B6E /* Default-568h@2x.png */ = {isa = PBXFileReference; lastKnownFileType = image.png; name = "Default-568h@2x.png"; path = "Resources/Default-568h@2x.png"; sourceTree = "<group>"; };
		B3733CCC1778C75300714B6E /* glyphicons_003_user.png */ = {isa = PBXFileReference; lastKnownFileType = image.png; name = glyphicons_003_user.png; path = Resources/glyphicons_003_user.png; sourceTree = "<group>"; };
		B3733CCD1778C75300714B6E /* glyphicons_355_bullhorn.png */ = {isa = PBXFileReference; lastKnownFileType = image.png; name = glyphicons_355_bullhorn.png; path = Resources/glyphicons_355_bullhorn.png; sourceTree = "<group>"; };
		B3733CCE1778C75300714B6E /* robot_gravatar.png */ = {isa = PBXFileReference; lastKnownFileType = image.png; name = robot_gravatar.png; path = Resources/robot_gravatar.png; sourceTree = "<group>"; };
		B3733CD61778D5DD00714B6E /* UIColor+HexColor.h */ = {isa = PBXFileReference; fileEncoding = 4; lastKnownFileType = sourcecode.c.h; path = "UIColor+HexColor.h"; sourceTree = "<group>"; };
		B3733CD71778D5DD00714B6E /* UIColor+HexColor.m */ = {isa = PBXFileReference; fileEncoding = 4; lastKnownFileType = sourcecode.c.objc; path = "UIColor+HexColor.m"; sourceTree = "<group>"; };
		B3733CDE1779EA1400714B6E /* AFHTTPClient.h */ = {isa = PBXFileReference; fileEncoding = 4; lastKnownFileType = sourcecode.c.h; path = AFHTTPClient.h; sourceTree = "<group>"; };
		B3733CDF1779EA1400714B6E /* AFHTTPClient.m */ = {isa = PBXFileReference; fileEncoding = 4; lastKnownFileType = sourcecode.c.objc; path = AFHTTPClient.m; sourceTree = "<group>"; };
		B3733CE01779EA1400714B6E /* AFHTTPRequestOperation.h */ = {isa = PBXFileReference; fileEncoding = 4; lastKnownFileType = sourcecode.c.h; path = AFHTTPRequestOperation.h; sourceTree = "<group>"; };
		B3733CE11779EA1400714B6E /* AFHTTPRequestOperation.m */ = {isa = PBXFileReference; fileEncoding = 4; lastKnownFileType = sourcecode.c.objc; path = AFHTTPRequestOperation.m; sourceTree = "<group>"; };
		B3733CE21779EA1400714B6E /* AFImageRequestOperation.h */ = {isa = PBXFileReference; fileEncoding = 4; lastKnownFileType = sourcecode.c.h; path = AFImageRequestOperation.h; sourceTree = "<group>"; };
		B3733CE31779EA1400714B6E /* AFImageRequestOperation.m */ = {isa = PBXFileReference; fileEncoding = 4; lastKnownFileType = sourcecode.c.objc; path = AFImageRequestOperation.m; sourceTree = "<group>"; };
		B3733CE41779EA1400714B6E /* AFJSONRequestOperation.h */ = {isa = PBXFileReference; fileEncoding = 4; lastKnownFileType = sourcecode.c.h; path = AFJSONRequestOperation.h; sourceTree = "<group>"; };
		B3733CE51779EA1400714B6E /* AFJSONRequestOperation.m */ = {isa = PBXFileReference; fileEncoding = 4; lastKnownFileType = sourcecode.c.objc; path = AFJSONRequestOperation.m; sourceTree = "<group>"; };
		B3733CE61779EA1400714B6E /* AFNetworkActivityIndicatorManager.h */ = {isa = PBXFileReference; fileEncoding = 4; lastKnownFileType = sourcecode.c.h; path = AFNetworkActivityIndicatorManager.h; sourceTree = "<group>"; };
		B3733CE71779EA1400714B6E /* AFNetworkActivityIndicatorManager.m */ = {isa = PBXFileReference; fileEncoding = 4; lastKnownFileType = sourcecode.c.objc; path = AFNetworkActivityIndicatorManager.m; sourceTree = "<group>"; };
		B3733CE81779EA1400714B6E /* AFNetworking.h */ = {isa = PBXFileReference; fileEncoding = 4; lastKnownFileType = sourcecode.c.h; path = AFNetworking.h; sourceTree = "<group>"; };
		B3733CE91779EA1400714B6E /* AFPropertyListRequestOperation.h */ = {isa = PBXFileReference; fileEncoding = 4; lastKnownFileType = sourcecode.c.h; path = AFPropertyListRequestOperation.h; sourceTree = "<group>"; };
		B3733CEA1779EA1400714B6E /* AFPropertyListRequestOperation.m */ = {isa = PBXFileReference; fileEncoding = 4; lastKnownFileType = sourcecode.c.objc; path = AFPropertyListRequestOperation.m; sourceTree = "<group>"; };
		B3733CEB1779EA1400714B6E /* AFURLConnectionOperation.h */ = {isa = PBXFileReference; fileEncoding = 4; lastKnownFileType = sourcecode.c.h; path = AFURLConnectionOperation.h; sourceTree = "<group>"; };
		B3733CEC1779EA1400714B6E /* AFURLConnectionOperation.m */ = {isa = PBXFileReference; fileEncoding = 4; lastKnownFileType = sourcecode.c.objc; path = AFURLConnectionOperation.m; sourceTree = "<group>"; };
		B3733CED1779EA1400714B6E /* AFXMLRequestOperation.h */ = {isa = PBXFileReference; fileEncoding = 4; lastKnownFileType = sourcecode.c.h; path = AFXMLRequestOperation.h; sourceTree = "<group>"; };
		B3733CEE1779EA1400714B6E /* AFXMLRequestOperation.m */ = {isa = PBXFileReference; fileEncoding = 4; lastKnownFileType = sourcecode.c.objc; path = AFXMLRequestOperation.m; sourceTree = "<group>"; };
		B3733CEF1779EA1400714B6E /* UIImageView+AFNetworking.h */ = {isa = PBXFileReference; fileEncoding = 4; lastKnownFileType = sourcecode.c.h; path = "UIImageView+AFNetworking.h"; sourceTree = "<group>"; };
		B3733CF01779EA1400714B6E /* UIImageView+AFNetworking.m */ = {isa = PBXFileReference; fileEncoding = 4; lastKnownFileType = sourcecode.c.objc; path = "UIImageView+AFNetworking.m"; sourceTree = "<group>"; };
		B3733CFA1779F7FD00714B6E /* SystemConfiguration.framework */ = {isa = PBXFileReference; lastKnownFileType = wrapper.framework; name = SystemConfiguration.framework; path = System/Library/Frameworks/SystemConfiguration.framework; sourceTree = SDKROOT; };
		B3733CFC177A00D900714B6E /* HumbugAPIClient.h */ = {isa = PBXFileReference; fileEncoding = 4; lastKnownFileType = sourcecode.c.h; path = HumbugAPIClient.h; sourceTree = "<group>"; };
		B3733CFD177A00D900714B6E /* HumbugAPIClient.m */ = {isa = PBXFileReference; fileEncoding = 4; lastKnownFileType = sourcecode.c.objc; path = HumbugAPIClient.m; sourceTree = "<group>"; };
		C31673801620DB6B00CE9FE5 /* Humbug.app */ = {isa = PBXFileReference; explicitFileType = wrapper.application; includeInIndex = 0; path = Humbug.app; sourceTree = BUILT_PRODUCTS_DIR; };
		C31673841620DB6B00CE9FE5 /* UIKit.framework */ = {isa = PBXFileReference; lastKnownFileType = wrapper.framework; name = UIKit.framework; path = System/Library/Frameworks/UIKit.framework; sourceTree = SDKROOT; };
		C31673861620DB6B00CE9FE5 /* Foundation.framework */ = {isa = PBXFileReference; lastKnownFileType = wrapper.framework; name = Foundation.framework; path = System/Library/Frameworks/Foundation.framework; sourceTree = SDKROOT; };
		C31673881620DB6B00CE9FE5 /* CoreGraphics.framework */ = {isa = PBXFileReference; lastKnownFileType = wrapper.framework; name = CoreGraphics.framework; path = System/Library/Frameworks/CoreGraphics.framework; sourceTree = SDKROOT; };
		C316738C1620DB6B00CE9FE5 /* Humbug-Info.plist */ = {isa = PBXFileReference; lastKnownFileType = text.plist.xml; path = "Humbug-Info.plist"; sourceTree = "<group>"; };
		C316738E1620DB6B00CE9FE5 /* en */ = {isa = PBXFileReference; lastKnownFileType = text.plist.strings; name = en; path = en.lproj/InfoPlist.strings; sourceTree = "<group>"; };
		C31673901620DB6B00CE9FE5 /* main.m */ = {isa = PBXFileReference; lastKnownFileType = sourcecode.c.objc; path = main.m; sourceTree = "<group>"; };
		C31673921620DB6B00CE9FE5 /* Humbug-Prefix.pch */ = {isa = PBXFileReference; lastKnownFileType = sourcecode.c.h; path = "Humbug-Prefix.pch"; sourceTree = "<group>"; };
		C31673931620DB6B00CE9FE5 /* HumbugAppDelegate.h */ = {isa = PBXFileReference; lastKnownFileType = sourcecode.c.h; path = HumbugAppDelegate.h; sourceTree = "<group>"; };
		C31673941620DB6B00CE9FE5 /* HumbugAppDelegate.m */ = {isa = PBXFileReference; lastKnownFileType = sourcecode.c.objc; path = HumbugAppDelegate.m; sourceTree = "<group>"; };
		C31673971620DB6B00CE9FE5 /* en */ = {isa = PBXFileReference; lastKnownFileType = file.xib; name = en; path = en.lproj/MainWindow.xib; sourceTree = "<group>"; };
		C31673AA1620DB6C00CE9FE5 /* HumbugTests.octest */ = {isa = PBXFileReference; explicitFileType = wrapper.cfbundle; includeInIndex = 0; path = HumbugTests.octest; sourceTree = BUILT_PRODUCTS_DIR; };
		C31673AB1620DB6C00CE9FE5 /* SenTestingKit.framework */ = {isa = PBXFileReference; lastKnownFileType = wrapper.framework; name = SenTestingKit.framework; path = Library/Frameworks/SenTestingKit.framework; sourceTree = DEVELOPER_DIR; };
		C31673B41620DB6C00CE9FE5 /* HumbugTests-Info.plist */ = {isa = PBXFileReference; lastKnownFileType = text.plist.xml; path = "HumbugTests-Info.plist"; sourceTree = "<group>"; };
		C31673B61620DB6C00CE9FE5 /* en */ = {isa = PBXFileReference; lastKnownFileType = text.plist.strings; name = en; path = en.lproj/InfoPlist.strings; sourceTree = "<group>"; };
		C31673B81620DB6C00CE9FE5 /* HumbugTests.h */ = {isa = PBXFileReference; lastKnownFileType = sourcecode.c.h; path = HumbugTests.h; sourceTree = "<group>"; };
		C31673BA1620DB6C00CE9FE5 /* HumbugTests.m */ = {isa = PBXFileReference; lastKnownFileType = sourcecode.c.objc; path = HumbugTests.m; sourceTree = "<group>"; };
		E50D7572163318D900251D1F /* Security.framework */ = {isa = PBXFileReference; lastKnownFileType = wrapper.framework; name = Security.framework; path = System/Library/Frameworks/Security.framework; sourceTree = SDKROOT; };
		E50D757516331B6600251D1F /* Security.framework */ = {isa = PBXFileReference; lastKnownFileType = wrapper.framework; name = Security.framework; path = System/Library/Frameworks/Security.framework; sourceTree = SDKROOT; };
		E50D757716331D7A00251D1F /* KeychainItemWrapper.h */ = {isa = PBXFileReference; fileEncoding = 4; lastKnownFileType = sourcecode.c.h; path = KeychainItemWrapper.h; sourceTree = "<group>"; };
		E50D757816331D7A00251D1F /* KeychainItemWrapper.m */ = {isa = PBXFileReference; fileEncoding = 4; lastKnownFileType = sourcecode.c.objc; path = KeychainItemWrapper.m; sourceTree = "<group>"; };
		E570A8BD169DF81E0072BC7E /* NSString+Encode.h */ = {isa = PBXFileReference; fileEncoding = 4; lastKnownFileType = sourcecode.c.h; path = "NSString+Encode.h"; sourceTree = "<group>"; };
		E570A8BE169DF81E0072BC7E /* NSString+Encode.m */ = {isa = PBXFileReference; fileEncoding = 4; lastKnownFileType = sourcecode.c.objc; path = "NSString+Encode.m"; sourceTree = "<group>"; };
		E5726A2516332BF800ED8BB1 /* StreamViewController.h */ = {isa = PBXFileReference; fileEncoding = 4; lastKnownFileType = sourcecode.c.h; path = StreamViewController.h; sourceTree = "<group>"; };
		E5726A2616332BF800ED8BB1 /* StreamViewController.m */ = {isa = PBXFileReference; fileEncoding = 4; lastKnownFileType = sourcecode.c.objc; path = StreamViewController.m; sourceTree = "<group>"; };
		E5726A2716332BF800ED8BB1 /* StreamViewController.xib */ = {isa = PBXFileReference; fileEncoding = 4; lastKnownFileType = file.xib; path = StreamViewController.xib; sourceTree = "<group>"; };
		E577A74B16226AC4002D9651 /* MessageCell.h */ = {isa = PBXFileReference; fileEncoding = 4; lastKnownFileType = sourcecode.c.h; path = MessageCell.h; sourceTree = "<group>"; };
		E577A74C16226AC4002D9651 /* MessageCell.m */ = {isa = PBXFileReference; fileEncoding = 4; lastKnownFileType = sourcecode.c.objc; path = MessageCell.m; sourceTree = "<group>"; };
		E577A74E16226AFF002D9651 /* MessageCellView.xib */ = {isa = PBXFileReference; fileEncoding = 4; lastKnownFileType = file.xib; path = MessageCellView.xib; sourceTree = "<group>"; };
		E598E7871634A9940022BF4A /* ErrorViewController.h */ = {isa = PBXFileReference; fileEncoding = 4; lastKnownFileType = sourcecode.c.h; path = ErrorViewController.h; sourceTree = "<group>"; };
		E598E7881634A9940022BF4A /* ErrorViewController.m */ = {isa = PBXFileReference; fileEncoding = 4; lastKnownFileType = sourcecode.c.objc; path = ErrorViewController.m; sourceTree = "<group>"; };
		E598E7891634A9940022BF4A /* ErrorViewController.xib */ = {isa = PBXFileReference; fileEncoding = 4; lastKnownFileType = file.xib; path = ErrorViewController.xib; sourceTree = "<group>"; };
		E5CDE079162C88A800BBD773 /* LoginViewController.h */ = {isa = PBXFileReference; fileEncoding = 4; lastKnownFileType = sourcecode.c.h; path = LoginViewController.h; sourceTree = "<group>"; };
		E5CDE07A162C88A800BBD773 /* LoginViewController.m */ = {isa = PBXFileReference; fileEncoding = 4; lastKnownFileType = sourcecode.c.objc; path = LoginViewController.m; sourceTree = "<group>"; };
		E5CDE07B162C88A800BBD773 /* LoginViewController.xib */ = {isa = PBXFileReference; fileEncoding = 4; lastKnownFileType = file.xib; path = LoginViewController.xib; sourceTree = "<group>"; };
		E5DC8069165D347D008B53F9 /* ComposeViewController.h */ = {isa = PBXFileReference; fileEncoding = 4; lastKnownFileType = sourcecode.c.h; path = ComposeViewController.h; sourceTree = "<group>"; };
		E5DC806A165D347D008B53F9 /* ComposeViewController.m */ = {isa = PBXFileReference; fileEncoding = 4; lastKnownFileType = sourcecode.c.objc; path = ComposeViewController.m; sourceTree = "<group>"; };
		E5DC806B165D347D008B53F9 /* ComposeViewController.xib */ = {isa = PBXFileReference; fileEncoding = 4; lastKnownFileType = file.xib; path = ComposeViewController.xib; sourceTree = "<group>"; };
/* End PBXFileReference section */

/* Begin PBXFrameworksBuildPhase section */
		C316737D1620DB6B00CE9FE5 /* Frameworks */ = {
			isa = PBXFrameworksBuildPhase;
			buildActionMask = 2147483647;
			files = (
				B3733CFB1779F7FD00714B6E /* SystemConfiguration.framework in Frameworks */,
				E50D7573163318DA00251D1F /* Security.framework in Frameworks */,
				C31673851620DB6B00CE9FE5 /* UIKit.framework in Frameworks */,
				C31673871620DB6B00CE9FE5 /* Foundation.framework in Frameworks */,
				C31673891620DB6B00CE9FE5 /* CoreGraphics.framework in Frameworks */,
				E50D757616331B6600251D1F /* Security.framework in Frameworks */,
			);
			runOnlyForDeploymentPostprocessing = 0;
		};
		C31673A61620DB6C00CE9FE5 /* Frameworks */ = {
			isa = PBXFrameworksBuildPhase;
			buildActionMask = 2147483647;
			files = (
				C31673AC1620DB6C00CE9FE5 /* SenTestingKit.framework in Frameworks */,
				C31673AD1620DB6C00CE9FE5 /* UIKit.framework in Frameworks */,
				C31673AE1620DB6C00CE9FE5 /* Foundation.framework in Frameworks */,
				C31673AF1620DB6C00CE9FE5 /* CoreGraphics.framework in Frameworks */,
			);
			runOnlyForDeploymentPostprocessing = 0;
		};
/* End PBXFrameworksBuildPhase section */

/* Begin PBXGroup section */
		B3733CCA1778C63400714B6E /* Resources */ = {
			isa = PBXGroup;
			children = (
				B3733CCB1778C75300714B6E /* Default-568h@2x.png */,
				B3733CCC1778C75300714B6E /* glyphicons_003_user.png */,
				B3733CCD1778C75300714B6E /* glyphicons_355_bullhorn.png */,
				B3733CCE1778C75300714B6E /* robot_gravatar.png */,
			);
			name = Resources;
			sourceTree = "<group>";
		};
		B3733CDC1779E9F800714B6E /* ThirdParty */ = {
			isa = PBXGroup;
			children = (
				B3733CDD1779EA1400714B6E /* AFNetworking */,
			);
			name = ThirdParty;
			sourceTree = "<group>";
		};
		B3733CDD1779EA1400714B6E /* AFNetworking */ = {
			isa = PBXGroup;
			children = (
				B3733CDE1779EA1400714B6E /* AFHTTPClient.h */,
				B3733CDF1779EA1400714B6E /* AFHTTPClient.m */,
				B3733CE01779EA1400714B6E /* AFHTTPRequestOperation.h */,
				B3733CE11779EA1400714B6E /* AFHTTPRequestOperation.m */,
				B3733CE21779EA1400714B6E /* AFImageRequestOperation.h */,
				B3733CE31779EA1400714B6E /* AFImageRequestOperation.m */,
				B3733CE41779EA1400714B6E /* AFJSONRequestOperation.h */,
				B3733CE51779EA1400714B6E /* AFJSONRequestOperation.m */,
				B3733CE61779EA1400714B6E /* AFNetworkActivityIndicatorManager.h */,
				B3733CE71779EA1400714B6E /* AFNetworkActivityIndicatorManager.m */,
				B3733CE81779EA1400714B6E /* AFNetworking.h */,
				B3733CE91779EA1400714B6E /* AFPropertyListRequestOperation.h */,
				B3733CEA1779EA1400714B6E /* AFPropertyListRequestOperation.m */,
				B3733CEB1779EA1400714B6E /* AFURLConnectionOperation.h */,
				B3733CEC1779EA1400714B6E /* AFURLConnectionOperation.m */,
				B3733CED1779EA1400714B6E /* AFXMLRequestOperation.h */,
				B3733CEE1779EA1400714B6E /* AFXMLRequestOperation.m */,
				B3733CEF1779EA1400714B6E /* UIImageView+AFNetworking.h */,
				B3733CF01779EA1400714B6E /* UIImageView+AFNetworking.m */,
			);
			path = AFNetworking;
			sourceTree = "<group>";
		};
		C31673751620DB6A00CE9FE5 = {
			isa = PBXGroup;
			children = (
				B3733CDC1779E9F800714B6E /* ThirdParty */,
				B3733CCA1778C63400714B6E /* Resources */,
				E50D7572163318D900251D1F /* Security.framework */,
				C316738A1620DB6B00CE9FE5 /* Humbug */,
				C31673B21620DB6C00CE9FE5 /* HumbugTests */,
				C31673831620DB6B00CE9FE5 /* Frameworks */,
				C31673811620DB6B00CE9FE5 /* Products */,
			);
			sourceTree = "<group>";
		};
		C31673811620DB6B00CE9FE5 /* Products */ = {
			isa = PBXGroup;
			children = (
				C31673801620DB6B00CE9FE5 /* Humbug.app */,
				C31673AA1620DB6C00CE9FE5 /* HumbugTests.octest */,
			);
			name = Products;
			sourceTree = "<group>";
		};
		C31673831620DB6B00CE9FE5 /* Frameworks */ = {
			isa = PBXGroup;
			children = (
				B3733CFA1779F7FD00714B6E /* SystemConfiguration.framework */,
				E50D757516331B6600251D1F /* Security.framework */,
				C31673841620DB6B00CE9FE5 /* UIKit.framework */,
				C31673861620DB6B00CE9FE5 /* Foundation.framework */,
				C31673881620DB6B00CE9FE5 /* CoreGraphics.framework */,
				C31673AB1620DB6C00CE9FE5 /* SenTestingKit.framework */,
			);
			name = Frameworks;
			sourceTree = "<group>";
		};
		C316738A1620DB6B00CE9FE5 /* Humbug */ = {
			isa = PBXGroup;
			children = (
				E50D757716331D7A00251D1F /* KeychainItemWrapper.h */,
				E50D757816331D7A00251D1F /* KeychainItemWrapper.m */,
				E5CDE079162C88A800BBD773 /* LoginViewController.h */,
				E5CDE07A162C88A800BBD773 /* LoginViewController.m */,
				E5CDE07B162C88A800BBD773 /* LoginViewController.xib */,
				C31673931620DB6B00CE9FE5 /* HumbugAppDelegate.h */,
				C31673941620DB6B00CE9FE5 /* HumbugAppDelegate.m */,
				C31673961620DB6B00CE9FE5 /* MainWindow.xib */,
				E5726A2516332BF800ED8BB1 /* StreamViewController.h */,
				E5726A2616332BF800ED8BB1 /* StreamViewController.m */,
				E5726A2716332BF800ED8BB1 /* StreamViewController.xib */,
				E5DC8069165D347D008B53F9 /* ComposeViewController.h */,
				E5DC806A165D347D008B53F9 /* ComposeViewController.m */,
				E5DC806B165D347D008B53F9 /* ComposeViewController.xib */,
				E577A74B16226AC4002D9651 /* MessageCell.h */,
				E577A74C16226AC4002D9651 /* MessageCell.m */,
				E577A74E16226AFF002D9651 /* MessageCellView.xib */,
				E598E7871634A9940022BF4A /* ErrorViewController.h */,
				E598E7881634A9940022BF4A /* ErrorViewController.m */,
				E598E7891634A9940022BF4A /* ErrorViewController.xib */,
				C316738B1620DB6B00CE9FE5 /* Supporting Files */,
				E570A8BD169DF81E0072BC7E /* NSString+Encode.h */,
				E570A8BE169DF81E0072BC7E /* NSString+Encode.m */,
				B3733CD61778D5DD00714B6E /* UIColor+HexColor.h */,
				B3733CD71778D5DD00714B6E /* UIColor+HexColor.m */,
				B3733CFC177A00D900714B6E /* HumbugAPIClient.h */,
				B3733CFD177A00D900714B6E /* HumbugAPIClient.m */,
			);
			path = Humbug;
			sourceTree = "<group>";
		};
		C316738B1620DB6B00CE9FE5 /* Supporting Files */ = {
			isa = PBXGroup;
			children = (
				C316738C1620DB6B00CE9FE5 /* Humbug-Info.plist */,
				C316738D1620DB6B00CE9FE5 /* InfoPlist.strings */,
				C31673901620DB6B00CE9FE5 /* main.m */,
				C31673921620DB6B00CE9FE5 /* Humbug-Prefix.pch */,
			);
			name = "Supporting Files";
			sourceTree = "<group>";
		};
		C31673B21620DB6C00CE9FE5 /* HumbugTests */ = {
			isa = PBXGroup;
			children = (
				C31673B81620DB6C00CE9FE5 /* HumbugTests.h */,
				C31673BA1620DB6C00CE9FE5 /* HumbugTests.m */,
				C31673B31620DB6C00CE9FE5 /* Supporting Files */,
			);
			path = HumbugTests;
			sourceTree = "<group>";
		};
		C31673B31620DB6C00CE9FE5 /* Supporting Files */ = {
			isa = PBXGroup;
			children = (
				C31673B41620DB6C00CE9FE5 /* HumbugTests-Info.plist */,
				C31673B51620DB6C00CE9FE5 /* InfoPlist.strings */,
			);
			name = "Supporting Files";
			sourceTree = "<group>";
		};
/* End PBXGroup section */

/* Begin PBXNativeTarget section */
		C316737F1620DB6B00CE9FE5 /* Humbug */ = {
			isa = PBXNativeTarget;
			buildConfigurationList = C31673BE1620DB6C00CE9FE5 /* Build configuration list for PBXNativeTarget "Humbug" */;
			buildPhases = (
				C316737C1620DB6B00CE9FE5 /* Sources */,
				C316737D1620DB6B00CE9FE5 /* Frameworks */,
				C316737E1620DB6B00CE9FE5 /* Resources */,
			);
			buildRules = (
			);
			dependencies = (
			);
			name = Humbug;
			productName = Humbug;
			productReference = C31673801620DB6B00CE9FE5 /* Humbug.app */;
			productType = "com.apple.product-type.application";
		};
		C31673A91620DB6C00CE9FE5 /* HumbugTests */ = {
			isa = PBXNativeTarget;
			buildConfigurationList = C31673C11620DB6C00CE9FE5 /* Build configuration list for PBXNativeTarget "HumbugTests" */;
			buildPhases = (
				C31673A51620DB6C00CE9FE5 /* Sources */,
				C31673A61620DB6C00CE9FE5 /* Frameworks */,
				C31673A71620DB6C00CE9FE5 /* Resources */,
				C31673A81620DB6C00CE9FE5 /* ShellScript */,
			);
			buildRules = (
			);
			dependencies = (
				C31673B11620DB6C00CE9FE5 /* PBXTargetDependency */,
			);
			name = HumbugTests;
			productName = HumbugTests;
			productReference = C31673AA1620DB6C00CE9FE5 /* HumbugTests.octest */;
			productType = "com.apple.product-type.bundle";
		};
/* End PBXNativeTarget section */

/* Begin PBXProject section */
		C31673771620DB6A00CE9FE5 /* Project object */ = {
			isa = PBXProject;
			attributes = {
				LastUpgradeCheck = 0450;
			};
			buildConfigurationList = C316737A1620DB6A00CE9FE5 /* Build configuration list for PBXProject "Humbug" */;
			compatibilityVersion = "Xcode 3.2";
			developmentRegion = English;
			hasScannedForEncodings = 0;
			knownRegions = (
				en,
			);
			mainGroup = C31673751620DB6A00CE9FE5;
			productRefGroup = C31673811620DB6B00CE9FE5 /* Products */;
			projectDirPath = "";
			projectRoot = "";
			targets = (
				C316737F1620DB6B00CE9FE5 /* Humbug */,
				C31673A91620DB6C00CE9FE5 /* HumbugTests */,
			);
		};
/* End PBXProject section */

/* Begin PBXResourcesBuildPhase section */
		C316737E1620DB6B00CE9FE5 /* Resources */ = {
			isa = PBXResourcesBuildPhase;
			buildActionMask = 2147483647;
			files = (
				C316738F1620DB6B00CE9FE5 /* InfoPlist.strings in Resources */,
				C31673981620DB6B00CE9FE5 /* MainWindow.xib in Resources */,
				E577A74F16226AFF002D9651 /* MessageCellView.xib in Resources */,
				E5CDE07D162C88A800BBD773 /* LoginViewController.xib in Resources */,
				E5726A2916332BF800ED8BB1 /* StreamViewController.xib in Resources */,
				E598E78B1634A9950022BF4A /* ErrorViewController.xib in Resources */,
				E5DC806D165D347D008B53F9 /* ComposeViewController.xib in Resources */,
				B3733CCF1778C75300714B6E /* Default-568h@2x.png in Resources */,
				B3733CD01778C75300714B6E /* glyphicons_003_user.png in Resources */,
				B3733CD11778C75300714B6E /* glyphicons_355_bullhorn.png in Resources */,
				B3733CD21778C75300714B6E /* robot_gravatar.png in Resources */,
			);
			runOnlyForDeploymentPostprocessing = 0;
		};
		C31673A71620DB6C00CE9FE5 /* Resources */ = {
			isa = PBXResourcesBuildPhase;
			buildActionMask = 2147483647;
			files = (
				C31673B71620DB6C00CE9FE5 /* InfoPlist.strings in Resources */,
				C31673B91620DB6C00CE9FE5 /* HumbugTests.h in Resources */,
			);
			runOnlyForDeploymentPostprocessing = 0;
		};
/* End PBXResourcesBuildPhase section */

/* Begin PBXShellScriptBuildPhase section */
		C31673A81620DB6C00CE9FE5 /* ShellScript */ = {
			isa = PBXShellScriptBuildPhase;
			buildActionMask = 2147483647;
			files = (
			);
			inputPaths = (
			);
			outputPaths = (
			);
			runOnlyForDeploymentPostprocessing = 0;
			shellPath = /bin/sh;
			shellScript = "# Run the unit tests in this test bundle.\n\"${SYSTEM_DEVELOPER_DIR}/Tools/RunUnitTests\"\n";
		};
/* End PBXShellScriptBuildPhase section */

/* Begin PBXSourcesBuildPhase section */
		C316737C1620DB6B00CE9FE5 /* Sources */ = {
			isa = PBXSourcesBuildPhase;
			buildActionMask = 2147483647;
			files = (
				C31673911620DB6B00CE9FE5 /* main.m in Sources */,
				C31673951620DB6B00CE9FE5 /* HumbugAppDelegate.m in Sources */,
				E577A74D16226AC4002D9651 /* MessageCell.m in Sources */,
				E5CDE07C162C88A800BBD773 /* LoginViewController.m in Sources */,
				E50D757916331D7A00251D1F /* KeychainItemWrapper.m in Sources */,
				E5726A2816332BF800ED8BB1 /* StreamViewController.m in Sources */,
				E598E78A1634A9950022BF4A /* ErrorViewController.m in Sources */,
				E5DC806C165D347D008B53F9 /* ComposeViewController.m in Sources */,
				E570A8BF169DF81E0072BC7E /* NSString+Encode.m in Sources */,
				B3733CD81778D5DD00714B6E /* UIColor+HexColor.m in Sources */,
				B3733CF11779EA1400714B6E /* AFHTTPClient.m in Sources */,
				B3733CF21779EA1400714B6E /* AFHTTPRequestOperation.m in Sources */,
				B3733CF31779EA1400714B6E /* AFImageRequestOperation.m in Sources */,
				B3733CF41779EA1400714B6E /* AFJSONRequestOperation.m in Sources */,
				B3733CF51779EA1400714B6E /* AFNetworkActivityIndicatorManager.m in Sources */,
				B3733CF61779EA1400714B6E /* AFPropertyListRequestOperation.m in Sources */,
				B3733CF71779EA1400714B6E /* AFURLConnectionOperation.m in Sources */,
				B3733CF81779EA1400714B6E /* AFXMLRequestOperation.m in Sources */,
				B3733CF91779EA1400714B6E /* UIImageView+AFNetworking.m in Sources */,
				B3733CFE177A00D900714B6E /* HumbugAPIClient.m in Sources */,
			);
			runOnlyForDeploymentPostprocessing = 0;
		};
		C31673A51620DB6C00CE9FE5 /* Sources */ = {
			isa = PBXSourcesBuildPhase;
			buildActionMask = 2147483647;
			files = (
				C31673BB1620DB6C00CE9FE5 /* HumbugTests.m in Sources */,
			);
			runOnlyForDeploymentPostprocessing = 0;
		};
/* End PBXSourcesBuildPhase section */

/* Begin PBXTargetDependency section */
		C31673B11620DB6C00CE9FE5 /* PBXTargetDependency */ = {
			isa = PBXTargetDependency;
			target = C316737F1620DB6B00CE9FE5 /* Humbug */;
			targetProxy = C31673B01620DB6C00CE9FE5 /* PBXContainerItemProxy */;
		};
/* End PBXTargetDependency section */

/* Begin PBXVariantGroup section */
		C316738D1620DB6B00CE9FE5 /* InfoPlist.strings */ = {
			isa = PBXVariantGroup;
			children = (
				C316738E1620DB6B00CE9FE5 /* en */,
			);
			name = InfoPlist.strings;
			sourceTree = "<group>";
		};
		C31673961620DB6B00CE9FE5 /* MainWindow.xib */ = {
			isa = PBXVariantGroup;
			children = (
				C31673971620DB6B00CE9FE5 /* en */,
			);
			name = MainWindow.xib;
			sourceTree = "<group>";
		};
		C31673B51620DB6C00CE9FE5 /* InfoPlist.strings */ = {
			isa = PBXVariantGroup;
			children = (
				C31673B61620DB6C00CE9FE5 /* en */,
			);
			name = InfoPlist.strings;
			sourceTree = "<group>";
		};
/* End PBXVariantGroup section */

/* Begin XCBuildConfiguration section */
		C31673BC1620DB6C00CE9FE5 /* Debug */ = {
			isa = XCBuildConfiguration;
			buildSettings = {
				ALWAYS_SEARCH_USER_PATHS = NO;
				ARCHS = "$(ARCHS_STANDARD_32_BIT)";
				CLANG_ENABLE_OBJC_ARC = NO;
				CODE_SIGN_IDENTITY = "iPhone Developer: Jessica McKellar (9QY7MX763F)";
				"CODE_SIGN_IDENTITY[sdk=iphoneos*]" = "iPhone Developer";
				COPY_PHASE_STRIP = NO;
				GCC_C_LANGUAGE_STANDARD = gnu99;
				GCC_DYNAMIC_NO_PIC = NO;
				GCC_OPTIMIZATION_LEVEL = 0;
				GCC_PREPROCESSOR_DEFINITIONS = (
					"DEBUG=1",
					"$(inherited)",
				);
				GCC_SYMBOLS_PRIVATE_EXTERN = NO;
				GCC_VERSION = com.apple.compilers.llvmgcc42;
				GCC_WARN_ABOUT_MISSING_PROTOTYPES = YES;
				GCC_WARN_ABOUT_RETURN_TYPE = YES;
				GCC_WARN_UNUSED_VARIABLE = YES;
				IPHONEOS_DEPLOYMENT_TARGET = 4.3;
				PROVISIONING_PROFILE = "BF07EDC8-DDDB-4D74-BF8C-67CDBA82A75F";
				SDKROOT = iphoneos;
			};
			name = Debug;
		};
		C31673BD1620DB6C00CE9FE5 /* Release */ = {
			isa = XCBuildConfiguration;
			buildSettings = {
				ALWAYS_SEARCH_USER_PATHS = NO;
				ARCHS = "$(ARCHS_STANDARD_32_BIT)";
				CLANG_ENABLE_OBJC_ARC = NO;
				CODE_SIGN_IDENTITY = "iPhone Developer: Jessica McKellar (9QY7MX763F)";
				"CODE_SIGN_IDENTITY[sdk=iphoneos*]" = "iPhone Developer";
				COPY_PHASE_STRIP = YES;
				GCC_C_LANGUAGE_STANDARD = gnu99;
				GCC_VERSION = com.apple.compilers.llvmgcc42;
				GCC_WARN_ABOUT_MISSING_PROTOTYPES = YES;
				GCC_WARN_ABOUT_RETURN_TYPE = YES;
				GCC_WARN_UNUSED_VARIABLE = YES;
				IPHONEOS_DEPLOYMENT_TARGET = 4.3;
				OTHER_CFLAGS = "-DNS_BLOCK_ASSERTIONS=1";
				PROVISIONING_PROFILE = "BF07EDC8-DDDB-4D74-BF8C-67CDBA82A75F";
				SDKROOT = iphoneos;
				VALIDATE_PRODUCT = YES;
			};
			name = Release;
		};
		C31673BF1620DB6C00CE9FE5 /* Debug */ = {
			isa = XCBuildConfiguration;
			buildSettings = {
				CODE_SIGN_IDENTITY = "iPhone Developer: Jessica McKellar (9QY7MX763F)";
				GCC_PRECOMPILE_PREFIX_HEADER = YES;
				GCC_PREFIX_HEADER = "Humbug/Humbug-Prefix.pch";
				GCC_VERSION = com.apple.compilers.llvm.clang.1_0;
				INFOPLIST_FILE = "Humbug/Humbug-Info.plist";
				IPHONEOS_DEPLOYMENT_TARGET = 5.1;
				PRODUCT_NAME = "$(TARGET_NAME)";
				PROVISIONING_PROFILE = "";
				WRAPPER_EXTENSION = app;
			};
			name = Debug;
		};
		C31673C01620DB6C00CE9FE5 /* Release */ = {
			isa = XCBuildConfiguration;
			buildSettings = {
				CODE_SIGN_IDENTITY = "iPhone Developer: Jessica McKellar (9QY7MX763F)";
				GCC_PRECOMPILE_PREFIX_HEADER = YES;
				GCC_PREFIX_HEADER = "Humbug/Humbug-Prefix.pch";
				GCC_VERSION = com.apple.compilers.llvm.clang.1_0;
				INFOPLIST_FILE = "Humbug/Humbug-Info.plist";
				IPHONEOS_DEPLOYMENT_TARGET = 5.1;
				PRODUCT_NAME = "$(TARGET_NAME)";
				PROVISIONING_PROFILE = "";
				WRAPPER_EXTENSION = app;
			};
			name = Release;
		};
		C31673C21620DB6C00CE9FE5 /* Debug */ = {
			isa = XCBuildConfiguration;
			buildSettings = {
				BUNDLE_LOADER = "$(BUILT_PRODUCTS_DIR)/Humbug.app/Humbug";
				FRAMEWORK_SEARCH_PATHS = (
					"$(SDKROOT)/Developer/Library/Frameworks",
					"$(DEVELOPER_LIBRARY_DIR)/Frameworks",
				);
				GCC_PRECOMPILE_PREFIX_HEADER = YES;
				GCC_PREFIX_HEADER = "Humbug/Humbug-Prefix.pch";
				GCC_VERSION = com.apple.compilers.llvm.clang.1_0;
				INFOPLIST_FILE = "HumbugTests/HumbugTests-Info.plist";
				PRODUCT_NAME = "$(TARGET_NAME)";
				TEST_HOST = "$(BUNDLE_LOADER)";
				WRAPPER_EXTENSION = octest;
			};
			name = Debug;
		};
		C31673C31620DB6C00CE9FE5 /* Release */ = {
			isa = XCBuildConfiguration;
			buildSettings = {
				BUNDLE_LOADER = "$(BUILT_PRODUCTS_DIR)/Humbug.app/Humbug";
				FRAMEWORK_SEARCH_PATHS = (
					"$(SDKROOT)/Developer/Library/Frameworks",
					"$(DEVELOPER_LIBRARY_DIR)/Frameworks",
				);
				GCC_PRECOMPILE_PREFIX_HEADER = YES;
				GCC_PREFIX_HEADER = "Humbug/Humbug-Prefix.pch";
				GCC_VERSION = com.apple.compilers.llvm.clang.1_0;
				INFOPLIST_FILE = "HumbugTests/HumbugTests-Info.plist";
				PRODUCT_NAME = "$(TARGET_NAME)";
				TEST_HOST = "$(BUNDLE_LOADER)";
				WRAPPER_EXTENSION = octest;
			};
			name = Release;
		};
/* End XCBuildConfiguration section */

/* Begin XCConfigurationList section */
		C316737A1620DB6A00CE9FE5 /* Build configuration list for PBXProject "Humbug" */ = {
			isa = XCConfigurationList;
			buildConfigurations = (
				C31673BC1620DB6C00CE9FE5 /* Debug */,
				C31673BD1620DB6C00CE9FE5 /* Release */,
			);
			defaultConfigurationIsVisible = 0;
			defaultConfigurationName = Release;
		};
		C31673BE1620DB6C00CE9FE5 /* Build configuration list for PBXNativeTarget "Humbug" */ = {
			isa = XCConfigurationList;
			buildConfigurations = (
				C31673BF1620DB6C00CE9FE5 /* Debug */,
				C31673C01620DB6C00CE9FE5 /* Release */,
			);
			defaultConfigurationIsVisible = 0;
			defaultConfigurationName = Release;
		};
		C31673C11620DB6C00CE9FE5 /* Build configuration list for PBXNativeTarget "HumbugTests" */ = {
			isa = XCConfigurationList;
			buildConfigurations = (
				C31673C21620DB6C00CE9FE5 /* Debug */,
				C31673C31620DB6C00CE9FE5 /* Release */,
			);
			defaultConfigurationIsVisible = 0;
			defaultConfigurationName = Release;
		};
/* End XCConfigurationList section */
	};
	rootObject = C31673771620DB6A00CE9FE5 /* Project object */;
}
