// !$*UTF8*$!
{
	archiveVersion = 1;
	classes = {
	};
	objectVersion = 46;
	objects = {

/* Begin PBXBuildFile section */
		780CF5E3179608FE0053481C /* ComposeViewController.m in Sources */ = {isa = PBXBuildFile; fileRef = E5DC806A165D347D008B53F9 /* ComposeViewController.m */; };
		782681C91795CE08009F69F5 /* ComposeViewController~ipad.xib in Resources */ = {isa = PBXBuildFile; fileRef = 782681C81795CE08009F69F5 /* ComposeViewController~ipad.xib */; };
		782681CC1795D10C009F69F5 /* LoginViewController~ipad.xib in Resources */ = {isa = PBXBuildFile; fileRef = 782681CB1795D10C009F69F5 /* LoginViewController~ipad.xib */; };
		78B52F061796038F002B26DE /* ErrorViewController~ipad.xib in Resources */ = {isa = PBXBuildFile; fileRef = 78B52F051796038F002B26DE /* ErrorViewController~ipad.xib */; };
		B30F55A217B2D432006DC735 /* LeftSidebarViewController.m in Sources */ = {isa = PBXBuildFile; fileRef = B30F55A017B2D432006DC735 /* LeftSidebarViewController.m */; };
		B30F55A317B2D432006DC735 /* LeftSidebarViewController.xib in Resources */ = {isa = PBXBuildFile; fileRef = B30F55A117B2D432006DC735 /* LeftSidebarViewController.xib */; };
		B3469795179ED591006D0E9B /* CoreData.framework in Frameworks */ = {isa = PBXBuildFile; fileRef = B3469794179ED591006D0E9B /* CoreData.framework */; };
		B34697C517A020D1006D0E9B /* ZulipAPIController.m in Sources */ = {isa = PBXBuildFile; fileRef = B34697C417A020D1006D0E9B /* ZulipAPIController.m */; };
		B351823117A1B20A00B41D75 /* ZSubscription.m in Sources */ = {isa = PBXBuildFile; fileRef = B351823017A1B20A00B41D75 /* ZSubscription.m */; };
		B3733CCF1778C75300714B6E /* Default-568h@2x.png in Resources */ = {isa = PBXBuildFile; fileRef = B3733CCB1778C75300714B6E /* Default-568h@2x.png */; };
		B3733CD81778D5DD00714B6E /* UIColor+HexColor.m in Sources */ = {isa = PBXBuildFile; fileRef = B3733CD71778D5DD00714B6E /* UIColor+HexColor.m */; };
		B3733CFB1779F7FD00714B6E /* SystemConfiguration.framework in Frameworks */ = {isa = PBXBuildFile; fileRef = B3733CFA1779F7FD00714B6E /* SystemConfiguration.framework */; settings = {ATTRIBUTES = (Required, ); }; };
		B3733CFE177A00D900714B6E /* ZulipAPIClient.m in Sources */ = {isa = PBXBuildFile; fileRef = B3733CFD177A00D900714B6E /* ZulipAPIClient.m */; };
		B3766D2E179DD1DF005FB0D4 /* MobileCoreServices.framework in Frameworks */ = {isa = PBXBuildFile; fileRef = B3766D2D179DD1DF005FB0D4 /* MobileCoreServices.framework */; };
		B3766D3E179DDBE2005FB0D4 /* Zulip.xcdatamodeld in Sources */ = {isa = PBXBuildFile; fileRef = B3766D3C179DDBE2005FB0D4 /* Zulip.xcdatamodeld */; settings = {COMPILER_FLAGS = "-fno-objc-arc"; }; };
		B376984917B52FD500D29D93 /* PreferencesWrapper.m in Sources */ = {isa = PBXBuildFile; fileRef = B376984817B52FD500D29D93 /* PreferencesWrapper.m */; };
		B376984E17B56E8300D29D93 /* bullhorn.png in Resources */ = {isa = PBXBuildFile; fileRef = B376984A17B56E8300D29D93 /* bullhorn.png */; };
		B376984F17B56E8300D29D93 /* bullhorn@2x.png in Resources */ = {isa = PBXBuildFile; fileRef = B376984B17B56E8300D29D93 /* bullhorn@2x.png */; };
		B376985017B56E8300D29D93 /* user-toolbar.png in Resources */ = {isa = PBXBuildFile; fileRef = B376984C17B56E8300D29D93 /* user-toolbar.png */; };
		B376985117B56E8300D29D93 /* user-toolbar@2x.png in Resources */ = {isa = PBXBuildFile; fileRef = B376984D17B56E8300D29D93 /* user-toolbar@2x.png */; };
		B376985317B56EB100D29D93 /* Images.xcassets in Resources */ = {isa = PBXBuildFile; fileRef = B376985217B56EB100D29D93 /* Images.xcassets */; };
		B376986117B56F0900D29D93 /* zulip-29.png in Resources */ = {isa = PBXBuildFile; fileRef = B376985417B56F0900D29D93 /* zulip-29.png */; };
		B376986217B56F0900D29D93 /* zulip-50.png in Resources */ = {isa = PBXBuildFile; fileRef = B376985517B56F0900D29D93 /* zulip-50.png */; };
		B376986317B56F0900D29D93 /* zulip-58.png in Resources */ = {isa = PBXBuildFile; fileRef = B376985617B56F0900D29D93 /* zulip-58.png */; };
		B376986417B56F0900D29D93 /* zulip-72.png in Resources */ = {isa = PBXBuildFile; fileRef = B376985717B56F0900D29D93 /* zulip-72.png */; };
		B376986517B56F0900D29D93 /* zulip-76.png in Resources */ = {isa = PBXBuildFile; fileRef = B376985817B56F0900D29D93 /* zulip-76.png */; };
		B376986617B56F0900D29D93 /* zulip-80.png in Resources */ = {isa = PBXBuildFile; fileRef = B376985917B56F0900D29D93 /* zulip-80.png */; };
		B376986717B56F0900D29D93 /* zulip-120.png in Resources */ = {isa = PBXBuildFile; fileRef = B376985A17B56F0900D29D93 /* zulip-120.png */; };
		B376986817B56F0900D29D93 /* zulip-144.png in Resources */ = {isa = PBXBuildFile; fileRef = B376985B17B56F0900D29D93 /* zulip-144.png */; };
		B376986917B56F0900D29D93 /* zulip-152.png in Resources */ = {isa = PBXBuildFile; fileRef = B376985C17B56F0900D29D93 /* zulip-152.png */; };
		B376986A17B56F0900D29D93 /* zulip-512.png in Resources */ = {isa = PBXBuildFile; fileRef = B376985D17B56F0900D29D93 /* zulip-512.png */; };
		B376986B17B56F0900D29D93 /* zulip-1024.png in Resources */ = {isa = PBXBuildFile; fileRef = B376985E17B56F0900D29D93 /* zulip-1024.png */; };
		B376986C17B56F0900D29D93 /* zulip.png in Resources */ = {isa = PBXBuildFile; fileRef = B376985F17B56F0900D29D93 /* zulip.png */; };
		B376986D17B56F0900D29D93 /* zulip@2x.png in Resources */ = {isa = PBXBuildFile; fileRef = B376986017B56F0900D29D93 /* zulip@2x.png */; };
		B376987317B5857600D29D93 /* JASidePanelController.m in Sources */ = {isa = PBXBuildFile; fileRef = B376987017B5857600D29D93 /* JASidePanelController.m */; };
		B376987417B5857600D29D93 /* UIViewController+JASidePanel.m in Sources */ = {isa = PBXBuildFile; fileRef = B376987217B5857600D29D93 /* UIViewController+JASidePanel.m */; };
		B3CC438A17A6E2E200C8AF3F /* MainWindow-iphone.xib in Resources */ = {isa = PBXBuildFile; fileRef = C31673961620DB6B00CE9FE5 /* MainWindow-iphone.xib */; };
		B3CC438B17A6E2E200C8AF3F /* MainWindow~ipad.xib in Resources */ = {isa = PBXBuildFile; fileRef = 782681BE1795C513009F69F5 /* MainWindow~ipad.xib */; };
		B3CC439217A701A900C8AF3F /* ZUser.m in Sources */ = {isa = PBXBuildFile; fileRef = B3CC439117A701A900C8AF3F /* ZUser.m */; };
		B3CC439617A7F13700C8AF3F /* HomeViewController.m in Sources */ = {isa = PBXBuildFile; fileRef = B3CC439517A7F13700C8AF3F /* HomeViewController.m */; };
		B3DDD2F817B02A0800F8D387 /* LongPoller.m in Sources */ = {isa = PBXBuildFile; fileRef = B3DDD2F717B02A0800F8D387 /* LongPoller.m */; };
		B3E8A76517B146090008EED7 /* RangePair.m in Sources */ = {isa = PBXBuildFile; fileRef = B3E8A76417B146090008EED7 /* RangePair.m */; };
		B3F50D6C179DADE800F9DAE4 /* AFHTTPClient.m in Sources */ = {isa = PBXBuildFile; fileRef = B3F50D5A179DADE800F9DAE4 /* AFHTTPClient.m */; };
		B3F50D6D179DADE800F9DAE4 /* AFHTTPRequestOperation.m in Sources */ = {isa = PBXBuildFile; fileRef = B3F50D5C179DADE800F9DAE4 /* AFHTTPRequestOperation.m */; };
		B3F50D6E179DADE800F9DAE4 /* AFImageRequestOperation.m in Sources */ = {isa = PBXBuildFile; fileRef = B3F50D5E179DADE800F9DAE4 /* AFImageRequestOperation.m */; };
		B3F50D6F179DADE800F9DAE4 /* AFJSONRequestOperation.m in Sources */ = {isa = PBXBuildFile; fileRef = B3F50D60179DADE800F9DAE4 /* AFJSONRequestOperation.m */; };
		B3F50D70179DADE800F9DAE4 /* AFNetworkActivityIndicatorManager.m in Sources */ = {isa = PBXBuildFile; fileRef = B3F50D62179DADE800F9DAE4 /* AFNetworkActivityIndicatorManager.m */; };
		B3F50D71179DADE800F9DAE4 /* AFPropertyListRequestOperation.m in Sources */ = {isa = PBXBuildFile; fileRef = B3F50D65179DADE800F9DAE4 /* AFPropertyListRequestOperation.m */; };
		B3F50D72179DADE800F9DAE4 /* AFURLConnectionOperation.m in Sources */ = {isa = PBXBuildFile; fileRef = B3F50D67179DADE800F9DAE4 /* AFURLConnectionOperation.m */; };
		B3F50D73179DADE800F9DAE4 /* AFXMLRequestOperation.m in Sources */ = {isa = PBXBuildFile; fileRef = B3F50D69179DADE800F9DAE4 /* AFXMLRequestOperation.m */; };
		B3F50D74179DADE800F9DAE4 /* UIImageView+AFNetworking.m in Sources */ = {isa = PBXBuildFile; fileRef = B3F50D6B179DADE800F9DAE4 /* UIImageView+AFNetworking.m */; };
		B3F50D76179DADF200F9DAE4 /* Crashlytics.framework in Frameworks */ = {isa = PBXBuildFile; fileRef = B3F50D75179DADF200F9DAE4 /* Crashlytics.framework */; };
		B3F5628B17A8074C004B185A /* QuartzCore.framework in Frameworks */ = {isa = PBXBuildFile; fileRef = B3F5628A17A8074C004B185A /* QuartzCore.framework */; };
		B3F5629317A81C37004B185A /* SidebarStreamCell.m in Sources */ = {isa = PBXBuildFile; fileRef = B3F5629217A81C37004B185A /* SidebarStreamCell.m */; };
		B3F5629517A81C49004B185A /* SidebarStreamCell.xib in Resources */ = {isa = PBXBuildFile; fileRef = B3F5629417A81C49004B185A /* SidebarStreamCell.xib */; };
		B3F5629817A84FD5004B185A /* NarrowViewController.m in Sources */ = {isa = PBXBuildFile; fileRef = B3F5629717A84FD5004B185A /* NarrowViewController.m */; };
		B3F5629A17A8674B004B185A /* SidebarStreamsHeader.xib in Resources */ = {isa = PBXBuildFile; fileRef = B3F5629917A8674B004B185A /* SidebarStreamsHeader.xib */; };
		B3F5629D17A9A4EE004B185A /* RawMessage.m in Sources */ = {isa = PBXBuildFile; fileRef = B3F5629C17A9A4EE004B185A /* RawMessage.m */; };
		B3F562A017AAAE5A004B185A /* NarrowOperators.m in Sources */ = {isa = PBXBuildFile; fileRef = B3F5629F17AAAE59004B185A /* NarrowOperators.m */; };
		B3F562AD17ABEA8D004B185A /* home.png in Resources */ = {isa = PBXBuildFile; fileRef = B3F562A917ABEA8D004B185A /* home.png */; };
		B3F562AE17ABEA8D004B185A /* home@2x.png in Resources */ = {isa = PBXBuildFile; fileRef = B3F562AA17ABEA8D004B185A /* home@2x.png */; };
		B3F562AF17ABEA8D004B185A /* user.png in Resources */ = {isa = PBXBuildFile; fileRef = B3F562AB17ABEA8D004B185A /* user.png */; };
		B3F562B017ABEA8D004B185A /* user@2x.png in Resources */ = {isa = PBXBuildFile; fileRef = B3F562AC17ABEA8D004B185A /* user@2x.png */; };
		B3F562B317ABEB85004B185A /* SidebarStreamsHeader.m in Sources */ = {isa = PBXBuildFile; fileRef = B3F562B217ABEB85004B185A /* SidebarStreamsHeader.m */; };
		B3F562B617ABFD5C004B185A /* my_avatar_placeholder.png in Resources */ = {isa = PBXBuildFile; fileRef = B3F562B417ABFD5C004B185A /* my_avatar_placeholder.png */; };
		B3F562B717ABFD5C004B185A /* my_avatar_placeholder@2x.png in Resources */ = {isa = PBXBuildFile; fileRef = B3F562B517ABFD5C004B185A /* my_avatar_placeholder@2x.png */; };
		B3F562BE17AC30BC004B185A /* ZMessage.m in Sources */ = {isa = PBXBuildFile; fileRef = B3F562BD17AC30BC004B185A /* ZMessage.m */; };
		B3F562C117AC3C65004B185A /* UnreadManager.m in Sources */ = {isa = PBXBuildFile; fileRef = B3F562C017AC3C65004B185A /* UnreadManager.m */; };
		C31673851620DB6B00CE9FE5 /* UIKit.framework in Frameworks */ = {isa = PBXBuildFile; fileRef = C31673841620DB6B00CE9FE5 /* UIKit.framework */; };
		C31673871620DB6B00CE9FE5 /* Foundation.framework in Frameworks */ = {isa = PBXBuildFile; fileRef = C31673861620DB6B00CE9FE5 /* Foundation.framework */; };
		C31673891620DB6B00CE9FE5 /* CoreGraphics.framework in Frameworks */ = {isa = PBXBuildFile; fileRef = C31673881620DB6B00CE9FE5 /* CoreGraphics.framework */; };
		C316738F1620DB6B00CE9FE5 /* InfoPlist.strings in Resources */ = {isa = PBXBuildFile; fileRef = C316738D1620DB6B00CE9FE5 /* InfoPlist.strings */; };
		C31673911620DB6B00CE9FE5 /* main.m in Sources */ = {isa = PBXBuildFile; fileRef = C31673901620DB6B00CE9FE5 /* main.m */; };
		C31673951620DB6B00CE9FE5 /* ZulipAppDelegate.m in Sources */ = {isa = PBXBuildFile; fileRef = C31673941620DB6B00CE9FE5 /* ZulipAppDelegate.m */; };
		C31673AC1620DB6C00CE9FE5 /* SenTestingKit.framework in Frameworks */ = {isa = PBXBuildFile; fileRef = C31673AB1620DB6C00CE9FE5 /* SenTestingKit.framework */; };
		C31673AD1620DB6C00CE9FE5 /* UIKit.framework in Frameworks */ = {isa = PBXBuildFile; fileRef = C31673841620DB6B00CE9FE5 /* UIKit.framework */; };
		C31673AE1620DB6C00CE9FE5 /* Foundation.framework in Frameworks */ = {isa = PBXBuildFile; fileRef = C31673861620DB6B00CE9FE5 /* Foundation.framework */; };
		C31673AF1620DB6C00CE9FE5 /* CoreGraphics.framework in Frameworks */ = {isa = PBXBuildFile; fileRef = C31673881620DB6B00CE9FE5 /* CoreGraphics.framework */; };
		C31673B71620DB6C00CE9FE5 /* InfoPlist.strings in Resources */ = {isa = PBXBuildFile; fileRef = C31673B51620DB6C00CE9FE5 /* InfoPlist.strings */; };
		C31673B91620DB6C00CE9FE5 /* ZulipTests.h in Resources */ = {isa = PBXBuildFile; fileRef = C31673B81620DB6C00CE9FE5 /* ZulipTests.h */; };
		C31673BB1620DB6C00CE9FE5 /* ZulipTests.m in Sources */ = {isa = PBXBuildFile; fileRef = C31673BA1620DB6C00CE9FE5 /* ZulipTests.m */; };
		E50D7573163318DA00251D1F /* Security.framework in Frameworks */ = {isa = PBXBuildFile; fileRef = E50D7572163318D900251D1F /* Security.framework */; };
		E50D757916331D7A00251D1F /* KeychainItemWrapper.m in Sources */ = {isa = PBXBuildFile; fileRef = E50D757816331D7A00251D1F /* KeychainItemWrapper.m */; settings = {COMPILER_FLAGS = "-fno-objc-arc"; }; };
		E570A8BF169DF81E0072BC7E /* NSString+Encode.m in Sources */ = {isa = PBXBuildFile; fileRef = E570A8BE169DF81E0072BC7E /* NSString+Encode.m */; settings = {COMPILER_FLAGS = "-fno-objc-arc"; }; };
		E5726A2816332BF800ED8BB1 /* StreamViewController.m in Sources */ = {isa = PBXBuildFile; fileRef = E5726A2616332BF800ED8BB1 /* StreamViewController.m */; };
		E5726A2916332BF800ED8BB1 /* StreamViewController.xib in Resources */ = {isa = PBXBuildFile; fileRef = E5726A2716332BF800ED8BB1 /* StreamViewController.xib */; };
		E577A74D16226AC4002D9651 /* MessageCell.m in Sources */ = {isa = PBXBuildFile; fileRef = E577A74C16226AC4002D9651 /* MessageCell.m */; };
		E577A74F16226AFF002D9651 /* MessageCellView.xib in Resources */ = {isa = PBXBuildFile; fileRef = E577A74E16226AFF002D9651 /* MessageCellView.xib */; };
		E598E78A1634A9950022BF4A /* ErrorViewController.m in Sources */ = {isa = PBXBuildFile; fileRef = E598E7881634A9940022BF4A /* ErrorViewController.m */; };
		E598E78B1634A9950022BF4A /* ErrorViewController~iphone.xib in Resources */ = {isa = PBXBuildFile; fileRef = E598E7891634A9940022BF4A /* ErrorViewController~iphone.xib */; };
		E5CDE07C162C88A800BBD773 /* LoginViewController.m in Sources */ = {isa = PBXBuildFile; fileRef = E5CDE07A162C88A800BBD773 /* LoginViewController.m */; };
		E5CDE07D162C88A800BBD773 /* LoginViewController~iphone.xib in Resources */ = {isa = PBXBuildFile; fileRef = E5CDE07B162C88A800BBD773 /* LoginViewController~iphone.xib */; };
		E5DC806D165D347D008B53F9 /* ComposeViewController~iphone.xib in Resources */ = {isa = PBXBuildFile; fileRef = E5DC806B165D347D008B53F9 /* ComposeViewController~iphone.xib */; };
/* End PBXBuildFile section */

/* Begin PBXContainerItemProxy section */
		C31673B01620DB6C00CE9FE5 /* PBXContainerItemProxy */ = {
			isa = PBXContainerItemProxy;
			containerPortal = C31673771620DB6A00CE9FE5 /* Project object */;
			proxyType = 1;
			remoteGlobalIDString = C316737F1620DB6B00CE9FE5;
			remoteInfo = Zulip;
		};
/* End PBXContainerItemProxy section */

/* Begin PBXFileReference section */
		782681BF1795C513009F69F5 /* en */ = {isa = PBXFileReference; lastKnownFileType = file.xib; name = en; path = "iPad/en.lproj/MainWindow~ipad.xib"; sourceTree = "<group>"; };
		782681C81795CE08009F69F5 /* ComposeViewController~ipad.xib */ = {isa = PBXFileReference; fileEncoding = 4; lastKnownFileType = file.xib; path = "ComposeViewController~ipad.xib"; sourceTree = "<group>"; };
		782681CB1795D10C009F69F5 /* LoginViewController~ipad.xib */ = {isa = PBXFileReference; fileEncoding = 4; lastKnownFileType = file.xib; path = "LoginViewController~ipad.xib"; sourceTree = "<group>"; };
		78B52F051796038F002B26DE /* ErrorViewController~ipad.xib */ = {isa = PBXFileReference; fileEncoding = 4; lastKnownFileType = file.xib; path = "ErrorViewController~ipad.xib"; sourceTree = "<group>"; };
		B30F559F17B2D432006DC735 /* LeftSidebarViewController.h */ = {isa = PBXFileReference; fileEncoding = 4; lastKnownFileType = sourcecode.c.h; name = LeftSidebarViewController.h; path = Controllers/ViewControllers/LeftSidebarViewController.h; sourceTree = "<group>"; };
		B30F55A017B2D432006DC735 /* LeftSidebarViewController.m */ = {isa = PBXFileReference; fileEncoding = 4; lastKnownFileType = sourcecode.c.objc; name = LeftSidebarViewController.m; path = Controllers/ViewControllers/LeftSidebarViewController.m; sourceTree = "<group>"; };
		B30F55A117B2D432006DC735 /* LeftSidebarViewController.xib */ = {isa = PBXFileReference; fileEncoding = 4; lastKnownFileType = file.xib; name = LeftSidebarViewController.xib; path = Controllers/ViewControllers/LeftSidebarViewController.xib; sourceTree = "<group>"; };
		B3469794179ED591006D0E9B /* CoreData.framework */ = {isa = PBXFileReference; lastKnownFileType = wrapper.framework; name = CoreData.framework; path = System/Library/Frameworks/CoreData.framework; sourceTree = SDKROOT; };
		B34697C317A020D1006D0E9B /* ZulipAPIController.h */ = {isa = PBXFileReference; fileEncoding = 4; lastKnownFileType = sourcecode.c.h; name = ZulipAPIController.h; path = Controllers/ZulipAPIController.h; sourceTree = "<group>"; };
		B34697C417A020D1006D0E9B /* ZulipAPIController.m */ = {isa = PBXFileReference; fileEncoding = 4; lastKnownFileType = sourcecode.c.objc; name = ZulipAPIController.m; path = Controllers/ZulipAPIController.m; sourceTree = "<group>"; };
		B351822F17A1B20A00B41D75 /* ZSubscription.h */ = {isa = PBXFileReference; fileEncoding = 4; lastKnownFileType = sourcecode.c.h; name = ZSubscription.h; path = Models/ZSubscription.h; sourceTree = "<group>"; };
		B351823017A1B20A00B41D75 /* ZSubscription.m */ = {isa = PBXFileReference; fileEncoding = 4; lastKnownFileType = sourcecode.c.objc; name = ZSubscription.m; path = Models/ZSubscription.m; sourceTree = "<group>"; };
		B3733CCB1778C75300714B6E /* Default-568h@2x.png */ = {isa = PBXFileReference; lastKnownFileType = image.png; name = "Default-568h@2x.png"; path = "Resources/Default-568h@2x.png"; sourceTree = "<group>"; };
		B3733CD61778D5DD00714B6E /* UIColor+HexColor.h */ = {isa = PBXFileReference; fileEncoding = 4; lastKnownFileType = sourcecode.c.h; path = "UIColor+HexColor.h"; sourceTree = "<group>"; };
		B3733CD71778D5DD00714B6E /* UIColor+HexColor.m */ = {isa = PBXFileReference; fileEncoding = 4; lastKnownFileType = sourcecode.c.objc; path = "UIColor+HexColor.m"; sourceTree = "<group>"; };
		B3733CFA1779F7FD00714B6E /* SystemConfiguration.framework */ = {isa = PBXFileReference; lastKnownFileType = wrapper.framework; name = SystemConfiguration.framework; path = System/Library/Frameworks/SystemConfiguration.framework; sourceTree = SDKROOT; };
		B3733CFC177A00D900714B6E /* ZulipAPIClient.h */ = {isa = PBXFileReference; fileEncoding = 4; lastKnownFileType = sourcecode.c.h; path = ZulipAPIClient.h; sourceTree = "<group>"; };
		B3733CFD177A00D900714B6E /* ZulipAPIClient.m */ = {isa = PBXFileReference; fileEncoding = 4; lastKnownFileType = sourcecode.c.objc; path = ZulipAPIClient.m; sourceTree = "<group>"; };
		B3766D2D179DD1DF005FB0D4 /* MobileCoreServices.framework */ = {isa = PBXFileReference; lastKnownFileType = wrapper.framework; name = MobileCoreServices.framework; path = System/Library/Frameworks/MobileCoreServices.framework; sourceTree = SDKROOT; };
		B3766D3D179DDBE2005FB0D4 /* Zulip.xcdatamodel */ = {isa = PBXFileReference; lastKnownFileType = wrapper.xcdatamodel; path = Zulip.xcdatamodel; sourceTree = "<group>"; };
		B376984717B52FD500D29D93 /* PreferencesWrapper.h */ = {isa = PBXFileReference; fileEncoding = 4; lastKnownFileType = sourcecode.c.h; path = PreferencesWrapper.h; sourceTree = "<group>"; };
		B376984817B52FD500D29D93 /* PreferencesWrapper.m */ = {isa = PBXFileReference; fileEncoding = 4; lastKnownFileType = sourcecode.c.objc; path = PreferencesWrapper.m; sourceTree = "<group>"; };
		B376984A17B56E8300D29D93 /* bullhorn.png */ = {isa = PBXFileReference; lastKnownFileType = image.png; name = bullhorn.png; path = Resources/bullhorn.png; sourceTree = "<group>"; };
		B376984B17B56E8300D29D93 /* bullhorn@2x.png */ = {isa = PBXFileReference; lastKnownFileType = image.png; name = "bullhorn@2x.png"; path = "Resources/bullhorn@2x.png"; sourceTree = "<group>"; };
		B376984C17B56E8300D29D93 /* user-toolbar.png */ = {isa = PBXFileReference; lastKnownFileType = image.png; name = "user-toolbar.png"; path = "Resources/user-toolbar.png"; sourceTree = "<group>"; };
		B376984D17B56E8300D29D93 /* user-toolbar@2x.png */ = {isa = PBXFileReference; lastKnownFileType = image.png; name = "user-toolbar@2x.png"; path = "Resources/user-toolbar@2x.png"; sourceTree = "<group>"; };
		B376985217B56EB100D29D93 /* Images.xcassets */ = {isa = PBXFileReference; lastKnownFileType = folder.assetcatalog; path = Images.xcassets; sourceTree = "<group>"; };
		B376985417B56F0900D29D93 /* zulip-29.png */ = {isa = PBXFileReference; lastKnownFileType = image.png; name = "zulip-29.png"; path = "Resources/zulip-29.png"; sourceTree = "<group>"; };
		B376985517B56F0900D29D93 /* zulip-50.png */ = {isa = PBXFileReference; lastKnownFileType = image.png; name = "zulip-50.png"; path = "Resources/zulip-50.png"; sourceTree = "<group>"; };
		B376985617B56F0900D29D93 /* zulip-58.png */ = {isa = PBXFileReference; lastKnownFileType = image.png; name = "zulip-58.png"; path = "Resources/zulip-58.png"; sourceTree = "<group>"; };
		B376985717B56F0900D29D93 /* zulip-72.png */ = {isa = PBXFileReference; lastKnownFileType = image.png; name = "zulip-72.png"; path = "Resources/zulip-72.png"; sourceTree = "<group>"; };
		B376985817B56F0900D29D93 /* zulip-76.png */ = {isa = PBXFileReference; lastKnownFileType = image.png; name = "zulip-76.png"; path = "Resources/zulip-76.png"; sourceTree = "<group>"; };
		B376985917B56F0900D29D93 /* zulip-80.png */ = {isa = PBXFileReference; lastKnownFileType = image.png; name = "zulip-80.png"; path = "Resources/zulip-80.png"; sourceTree = "<group>"; };
		B376985A17B56F0900D29D93 /* zulip-120.png */ = {isa = PBXFileReference; lastKnownFileType = image.png; name = "zulip-120.png"; path = "Resources/zulip-120.png"; sourceTree = "<group>"; };
		B376985B17B56F0900D29D93 /* zulip-144.png */ = {isa = PBXFileReference; lastKnownFileType = image.png; name = "zulip-144.png"; path = "Resources/zulip-144.png"; sourceTree = "<group>"; };
		B376985C17B56F0900D29D93 /* zulip-152.png */ = {isa = PBXFileReference; lastKnownFileType = image.png; name = "zulip-152.png"; path = "Resources/zulip-152.png"; sourceTree = "<group>"; };
		B376985D17B56F0900D29D93 /* zulip-512.png */ = {isa = PBXFileReference; lastKnownFileType = image.png; name = "zulip-512.png"; path = "Resources/zulip-512.png"; sourceTree = "<group>"; };
		B376985E17B56F0900D29D93 /* zulip-1024.png */ = {isa = PBXFileReference; lastKnownFileType = image.png; name = "zulip-1024.png"; path = "Resources/zulip-1024.png"; sourceTree = "<group>"; };
		B376985F17B56F0900D29D93 /* zulip.png */ = {isa = PBXFileReference; lastKnownFileType = image.png; name = zulip.png; path = Resources/zulip.png; sourceTree = "<group>"; };
		B376986017B56F0900D29D93 /* zulip@2x.png */ = {isa = PBXFileReference; lastKnownFileType = image.png; name = "zulip@2x.png"; path = "Resources/zulip@2x.png"; sourceTree = "<group>"; };
		B376986F17B5857600D29D93 /* JASidePanelController.h */ = {isa = PBXFileReference; fileEncoding = 4; lastKnownFileType = sourcecode.c.h; path = JASidePanelController.h; sourceTree = "<group>"; };
		B376987017B5857600D29D93 /* JASidePanelController.m */ = {isa = PBXFileReference; fileEncoding = 4; lastKnownFileType = sourcecode.c.objc; path = JASidePanelController.m; sourceTree = "<group>"; };
		B376987117B5857600D29D93 /* UIViewController+JASidePanel.h */ = {isa = PBXFileReference; fileEncoding = 4; lastKnownFileType = sourcecode.c.h; path = "UIViewController+JASidePanel.h"; sourceTree = "<group>"; };
		B376987217B5857600D29D93 /* UIViewController+JASidePanel.m */ = {isa = PBXFileReference; fileEncoding = 4; lastKnownFileType = sourcecode.c.objc; path = "UIViewController+JASidePanel.m"; sourceTree = "<group>"; };
		B376987517B5879300D29D93 /* Zulip 1.0.xcdatamodel */ = {isa = PBXFileReference; lastKnownFileType = file; path = "Zulip 1.0.xcdatamodel"; sourceTree = "<group>"; };
		B3CC439017A701A900C8AF3F /* ZUser.h */ = {isa = PBXFileReference; fileEncoding = 4; lastKnownFileType = sourcecode.c.h; name = ZUser.h; path = Models/ZUser.h; sourceTree = "<group>"; };
		B3CC439117A701A900C8AF3F /* ZUser.m */ = {isa = PBXFileReference; fileEncoding = 4; lastKnownFileType = sourcecode.c.objc; name = ZUser.m; path = Models/ZUser.m; sourceTree = "<group>"; };
		B3CC439417A7F13700C8AF3F /* HomeViewController.h */ = {isa = PBXFileReference; fileEncoding = 4; lastKnownFileType = sourcecode.c.h; name = HomeViewController.h; path = Controllers/ViewControllers/HomeViewController.h; sourceTree = "<group>"; };
		B3CC439517A7F13700C8AF3F /* HomeViewController.m */ = {isa = PBXFileReference; fileEncoding = 4; lastKnownFileType = sourcecode.c.objc; name = HomeViewController.m; path = Controllers/ViewControllers/HomeViewController.m; sourceTree = "<group>"; };
		B3DDD2F617B02A0800F8D387 /* LongPoller.h */ = {isa = PBXFileReference; fileEncoding = 4; lastKnownFileType = sourcecode.c.h; name = LongPoller.h; path = Controllers/LongPoller.h; sourceTree = "<group>"; };
		B3DDD2F717B02A0800F8D387 /* LongPoller.m */ = {isa = PBXFileReference; fileEncoding = 4; lastKnownFileType = sourcecode.c.objc; name = LongPoller.m; path = Controllers/LongPoller.m; sourceTree = "<group>"; };
		B3E8A76317B146090008EED7 /* RangePair.h */ = {isa = PBXFileReference; fileEncoding = 4; lastKnownFileType = sourcecode.c.h; name = RangePair.h; path = Models/RangePair.h; sourceTree = "<group>"; };
		B3E8A76417B146090008EED7 /* RangePair.m */ = {isa = PBXFileReference; fileEncoding = 4; lastKnownFileType = sourcecode.c.objc; name = RangePair.m; path = Models/RangePair.m; sourceTree = "<group>"; };
		B3F50D59179DADE800F9DAE4 /* AFHTTPClient.h */ = {isa = PBXFileReference; fileEncoding = 4; lastKnownFileType = sourcecode.c.h; path = AFHTTPClient.h; sourceTree = "<group>"; };
		B3F50D5A179DADE800F9DAE4 /* AFHTTPClient.m */ = {isa = PBXFileReference; fileEncoding = 4; lastKnownFileType = sourcecode.c.objc; path = AFHTTPClient.m; sourceTree = "<group>"; };
		B3F50D5B179DADE800F9DAE4 /* AFHTTPRequestOperation.h */ = {isa = PBXFileReference; fileEncoding = 4; lastKnownFileType = sourcecode.c.h; path = AFHTTPRequestOperation.h; sourceTree = "<group>"; };
		B3F50D5C179DADE800F9DAE4 /* AFHTTPRequestOperation.m */ = {isa = PBXFileReference; fileEncoding = 4; lastKnownFileType = sourcecode.c.objc; path = AFHTTPRequestOperation.m; sourceTree = "<group>"; };
		B3F50D5D179DADE800F9DAE4 /* AFImageRequestOperation.h */ = {isa = PBXFileReference; fileEncoding = 4; lastKnownFileType = sourcecode.c.h; path = AFImageRequestOperation.h; sourceTree = "<group>"; };
		B3F50D5E179DADE800F9DAE4 /* AFImageRequestOperation.m */ = {isa = PBXFileReference; fileEncoding = 4; lastKnownFileType = sourcecode.c.objc; path = AFImageRequestOperation.m; sourceTree = "<group>"; };
		B3F50D5F179DADE800F9DAE4 /* AFJSONRequestOperation.h */ = {isa = PBXFileReference; fileEncoding = 4; lastKnownFileType = sourcecode.c.h; path = AFJSONRequestOperation.h; sourceTree = "<group>"; };
		B3F50D60179DADE800F9DAE4 /* AFJSONRequestOperation.m */ = {isa = PBXFileReference; fileEncoding = 4; lastKnownFileType = sourcecode.c.objc; path = AFJSONRequestOperation.m; sourceTree = "<group>"; };
		B3F50D61179DADE800F9DAE4 /* AFNetworkActivityIndicatorManager.h */ = {isa = PBXFileReference; fileEncoding = 4; lastKnownFileType = sourcecode.c.h; path = AFNetworkActivityIndicatorManager.h; sourceTree = "<group>"; };
		B3F50D62179DADE800F9DAE4 /* AFNetworkActivityIndicatorManager.m */ = {isa = PBXFileReference; fileEncoding = 4; lastKnownFileType = sourcecode.c.objc; path = AFNetworkActivityIndicatorManager.m; sourceTree = "<group>"; };
		B3F50D63179DADE800F9DAE4 /* AFNetworking.h */ = {isa = PBXFileReference; fileEncoding = 4; lastKnownFileType = sourcecode.c.h; path = AFNetworking.h; sourceTree = "<group>"; };
		B3F50D64179DADE800F9DAE4 /* AFPropertyListRequestOperation.h */ = {isa = PBXFileReference; fileEncoding = 4; lastKnownFileType = sourcecode.c.h; path = AFPropertyListRequestOperation.h; sourceTree = "<group>"; };
		B3F50D65179DADE800F9DAE4 /* AFPropertyListRequestOperation.m */ = {isa = PBXFileReference; fileEncoding = 4; lastKnownFileType = sourcecode.c.objc; path = AFPropertyListRequestOperation.m; sourceTree = "<group>"; };
		B3F50D66179DADE800F9DAE4 /* AFURLConnectionOperation.h */ = {isa = PBXFileReference; fileEncoding = 4; lastKnownFileType = sourcecode.c.h; path = AFURLConnectionOperation.h; sourceTree = "<group>"; };
		B3F50D67179DADE800F9DAE4 /* AFURLConnectionOperation.m */ = {isa = PBXFileReference; fileEncoding = 4; lastKnownFileType = sourcecode.c.objc; path = AFURLConnectionOperation.m; sourceTree = "<group>"; };
		B3F50D68179DADE800F9DAE4 /* AFXMLRequestOperation.h */ = {isa = PBXFileReference; fileEncoding = 4; lastKnownFileType = sourcecode.c.h; path = AFXMLRequestOperation.h; sourceTree = "<group>"; };
		B3F50D69179DADE800F9DAE4 /* AFXMLRequestOperation.m */ = {isa = PBXFileReference; fileEncoding = 4; lastKnownFileType = sourcecode.c.objc; path = AFXMLRequestOperation.m; sourceTree = "<group>"; };
		B3F50D6A179DADE800F9DAE4 /* UIImageView+AFNetworking.h */ = {isa = PBXFileReference; fileEncoding = 4; lastKnownFileType = sourcecode.c.h; path = "UIImageView+AFNetworking.h"; sourceTree = "<group>"; };
		B3F50D6B179DADE800F9DAE4 /* UIImageView+AFNetworking.m */ = {isa = PBXFileReference; fileEncoding = 4; lastKnownFileType = sourcecode.c.objc; path = "UIImageView+AFNetworking.m"; sourceTree = "<group>"; };
		B3F50D75179DADF200F9DAE4 /* Crashlytics.framework */ = {isa = PBXFileReference; lastKnownFileType = wrapper.framework; name = Crashlytics.framework; path = ThirdParty/Crashlytics.framework; sourceTree = "<group>"; };
		B3F5628A17A8074C004B185A /* QuartzCore.framework */ = {isa = PBXFileReference; lastKnownFileType = wrapper.framework; name = QuartzCore.framework; path = System/Library/Frameworks/QuartzCore.framework; sourceTree = SDKROOT; };
		B3F5629117A81C37004B185A /* SidebarStreamCell.h */ = {isa = PBXFileReference; fileEncoding = 4; lastKnownFileType = sourcecode.c.h; name = SidebarStreamCell.h; path = Views/SidebarStreamCell.h; sourceTree = "<group>"; };
		B3F5629217A81C37004B185A /* SidebarStreamCell.m */ = {isa = PBXFileReference; fileEncoding = 4; lastKnownFileType = sourcecode.c.objc; name = SidebarStreamCell.m; path = Views/SidebarStreamCell.m; sourceTree = "<group>"; };
		B3F5629417A81C49004B185A /* SidebarStreamCell.xib */ = {isa = PBXFileReference; fileEncoding = 4; lastKnownFileType = file.xib; name = SidebarStreamCell.xib; path = Views/SidebarStreamCell.xib; sourceTree = "<group>"; };
		B3F5629617A84FD5004B185A /* NarrowViewController.h */ = {isa = PBXFileReference; fileEncoding = 4; lastKnownFileType = sourcecode.c.h; name = NarrowViewController.h; path = Controllers/ViewControllers/NarrowViewController.h; sourceTree = "<group>"; };
		B3F5629717A84FD5004B185A /* NarrowViewController.m */ = {isa = PBXFileReference; fileEncoding = 4; lastKnownFileType = sourcecode.c.objc; name = NarrowViewController.m; path = Controllers/ViewControllers/NarrowViewController.m; sourceTree = "<group>"; };
		B3F5629917A8674B004B185A /* SidebarStreamsHeader.xib */ = {isa = PBXFileReference; fileEncoding = 4; lastKnownFileType = file.xib; name = SidebarStreamsHeader.xib; path = Views/SidebarStreamsHeader.xib; sourceTree = "<group>"; };
		B3F5629B17A9A4EE004B185A /* RawMessage.h */ = {isa = PBXFileReference; fileEncoding = 4; lastKnownFileType = sourcecode.c.h; name = RawMessage.h; path = Models/RawMessage.h; sourceTree = "<group>"; };
		B3F5629C17A9A4EE004B185A /* RawMessage.m */ = {isa = PBXFileReference; fileEncoding = 4; lastKnownFileType = sourcecode.c.objc; name = RawMessage.m; path = Models/RawMessage.m; sourceTree = "<group>"; };
		B3F5629E17AAAE59004B185A /* NarrowOperators.h */ = {isa = PBXFileReference; fileEncoding = 4; lastKnownFileType = sourcecode.c.h; path = NarrowOperators.h; sourceTree = "<group>"; };
		B3F5629F17AAAE59004B185A /* NarrowOperators.m */ = {isa = PBXFileReference; fileEncoding = 4; lastKnownFileType = sourcecode.c.objc; path = NarrowOperators.m; sourceTree = "<group>"; };
		B3F562A917ABEA8D004B185A /* home.png */ = {isa = PBXFileReference; lastKnownFileType = image.png; name = home.png; path = Resources/home.png; sourceTree = "<group>"; };
		B3F562AA17ABEA8D004B185A /* home@2x.png */ = {isa = PBXFileReference; lastKnownFileType = image.png; name = "home@2x.png"; path = "Resources/home@2x.png"; sourceTree = "<group>"; };
		B3F562AB17ABEA8D004B185A /* user.png */ = {isa = PBXFileReference; lastKnownFileType = image.png; name = user.png; path = Resources/user.png; sourceTree = "<group>"; };
		B3F562AC17ABEA8D004B185A /* user@2x.png */ = {isa = PBXFileReference; lastKnownFileType = image.png; name = "user@2x.png"; path = "Resources/user@2x.png"; sourceTree = "<group>"; };
		B3F562B117ABEB85004B185A /* SidebarStreamsHeader.h */ = {isa = PBXFileReference; fileEncoding = 4; lastKnownFileType = sourcecode.c.h; name = SidebarStreamsHeader.h; path = Views/SidebarStreamsHeader.h; sourceTree = "<group>"; };
		B3F562B217ABEB85004B185A /* SidebarStreamsHeader.m */ = {isa = PBXFileReference; fileEncoding = 4; lastKnownFileType = sourcecode.c.objc; name = SidebarStreamsHeader.m; path = Views/SidebarStreamsHeader.m; sourceTree = "<group>"; };
		B3F562B417ABFD5C004B185A /* my_avatar_placeholder.png */ = {isa = PBXFileReference; lastKnownFileType = image.png; name = my_avatar_placeholder.png; path = Resources/my_avatar_placeholder.png; sourceTree = "<group>"; };
		B3F562B517ABFD5C004B185A /* my_avatar_placeholder@2x.png */ = {isa = PBXFileReference; lastKnownFileType = image.png; name = "my_avatar_placeholder@2x.png"; path = "Resources/my_avatar_placeholder@2x.png"; sourceTree = "<group>"; };
		B3F562BC17AC30BC004B185A /* ZMessage.h */ = {isa = PBXFileReference; fileEncoding = 4; lastKnownFileType = sourcecode.c.h; name = ZMessage.h; path = Models/ZMessage.h; sourceTree = "<group>"; };
		B3F562BD17AC30BC004B185A /* ZMessage.m */ = {isa = PBXFileReference; fileEncoding = 4; lastKnownFileType = sourcecode.c.objc; name = ZMessage.m; path = Models/ZMessage.m; sourceTree = "<group>"; };
		B3F562BF17AC3C65004B185A /* UnreadManager.h */ = {isa = PBXFileReference; fileEncoding = 4; lastKnownFileType = sourcecode.c.h; name = UnreadManager.h; path = Controllers/UnreadManager.h; sourceTree = "<group>"; };
		B3F562C017AC3C65004B185A /* UnreadManager.m */ = {isa = PBXFileReference; fileEncoding = 4; lastKnownFileType = sourcecode.c.objc; name = UnreadManager.m; path = Controllers/UnreadManager.m; sourceTree = "<group>"; };
		C31673801620DB6B00CE9FE5 /* Zulip.app */ = {isa = PBXFileReference; explicitFileType = wrapper.application; includeInIndex = 0; path = Zulip.app; sourceTree = BUILT_PRODUCTS_DIR; };
		C31673841620DB6B00CE9FE5 /* UIKit.framework */ = {isa = PBXFileReference; lastKnownFileType = wrapper.framework; name = UIKit.framework; path = System/Library/Frameworks/UIKit.framework; sourceTree = SDKROOT; };
		C31673861620DB6B00CE9FE5 /* Foundation.framework */ = {isa = PBXFileReference; lastKnownFileType = wrapper.framework; name = Foundation.framework; path = System/Library/Frameworks/Foundation.framework; sourceTree = SDKROOT; };
		C31673881620DB6B00CE9FE5 /* CoreGraphics.framework */ = {isa = PBXFileReference; lastKnownFileType = wrapper.framework; name = CoreGraphics.framework; path = System/Library/Frameworks/CoreGraphics.framework; sourceTree = SDKROOT; };
		C316738C1620DB6B00CE9FE5 /* Zulip-Info.plist */ = {isa = PBXFileReference; lastKnownFileType = text.plist.xml; path = "Zulip-Info.plist"; sourceTree = "<group>"; };
		C316738E1620DB6B00CE9FE5 /* en */ = {isa = PBXFileReference; lastKnownFileType = text.plist.strings; name = en; path = en.lproj/InfoPlist.strings; sourceTree = "<group>"; };
		C31673901620DB6B00CE9FE5 /* main.m */ = {isa = PBXFileReference; lastKnownFileType = sourcecode.c.objc; path = main.m; sourceTree = "<group>"; };
		C31673921620DB6B00CE9FE5 /* Zulip-Prefix.pch */ = {isa = PBXFileReference; lastKnownFileType = sourcecode.c.h; path = "Zulip-Prefix.pch"; sourceTree = "<group>"; };
		C31673931620DB6B00CE9FE5 /* ZulipAppDelegate.h */ = {isa = PBXFileReference; lastKnownFileType = sourcecode.c.h; path = ZulipAppDelegate.h; sourceTree = "<group>"; };
		C31673941620DB6B00CE9FE5 /* ZulipAppDelegate.m */ = {isa = PBXFileReference; lastKnownFileType = sourcecode.c.objc; path = ZulipAppDelegate.m; sourceTree = "<group>"; };
		C31673971620DB6B00CE9FE5 /* en */ = {isa = PBXFileReference; lastKnownFileType = file.xib; name = en; path = "en.lproj/MainWindow-iPhone.xib"; sourceTree = "<group>"; };
		C31673AA1620DB6C00CE9FE5 /* ZulipTests.octest */ = {isa = PBXFileReference; explicitFileType = wrapper.cfbundle; includeInIndex = 0; path = ZulipTests.octest; sourceTree = BUILT_PRODUCTS_DIR; };
		C31673AB1620DB6C00CE9FE5 /* SenTestingKit.framework */ = {isa = PBXFileReference; lastKnownFileType = wrapper.framework; name = SenTestingKit.framework; path = Library/Frameworks/SenTestingKit.framework; sourceTree = DEVELOPER_DIR; };
		C31673B41620DB6C00CE9FE5 /* ZulipTests-Info.plist */ = {isa = PBXFileReference; lastKnownFileType = text.plist.xml; path = "ZulipTests-Info.plist"; sourceTree = "<group>"; };
		C31673B61620DB6C00CE9FE5 /* en */ = {isa = PBXFileReference; lastKnownFileType = text.plist.strings; name = en; path = en.lproj/InfoPlist.strings; sourceTree = "<group>"; };
		C31673B81620DB6C00CE9FE5 /* ZulipTests.h */ = {isa = PBXFileReference; lastKnownFileType = sourcecode.c.h; path = ZulipTests.h; sourceTree = "<group>"; };
		C31673BA1620DB6C00CE9FE5 /* ZulipTests.m */ = {isa = PBXFileReference; lastKnownFileType = sourcecode.c.objc; path = ZulipTests.m; sourceTree = "<group>"; };
		E50D7572163318D900251D1F /* Security.framework */ = {isa = PBXFileReference; lastKnownFileType = wrapper.framework; name = Security.framework; path = System/Library/Frameworks/Security.framework; sourceTree = SDKROOT; };
		E50D757516331B6600251D1F /* Security.framework */ = {isa = PBXFileReference; lastKnownFileType = wrapper.framework; name = Security.framework; path = System/Library/Frameworks/Security.framework; sourceTree = SDKROOT; };
		E50D757716331D7A00251D1F /* KeychainItemWrapper.h */ = {isa = PBXFileReference; fileEncoding = 4; lastKnownFileType = sourcecode.c.h; path = KeychainItemWrapper.h; sourceTree = "<group>"; };
		E50D757816331D7A00251D1F /* KeychainItemWrapper.m */ = {isa = PBXFileReference; fileEncoding = 4; lastKnownFileType = sourcecode.c.objc; path = KeychainItemWrapper.m; sourceTree = "<group>"; };
		E570A8BD169DF81E0072BC7E /* NSString+Encode.h */ = {isa = PBXFileReference; fileEncoding = 4; lastKnownFileType = sourcecode.c.h; path = "NSString+Encode.h"; sourceTree = "<group>"; };
		E570A8BE169DF81E0072BC7E /* NSString+Encode.m */ = {isa = PBXFileReference; fileEncoding = 4; lastKnownFileType = sourcecode.c.objc; path = "NSString+Encode.m"; sourceTree = "<group>"; };
		E5726A2516332BF800ED8BB1 /* StreamViewController.h */ = {isa = PBXFileReference; fileEncoding = 4; lastKnownFileType = sourcecode.c.h; path = StreamViewController.h; sourceTree = "<group>"; };
		E5726A2616332BF800ED8BB1 /* StreamViewController.m */ = {isa = PBXFileReference; fileEncoding = 4; lastKnownFileType = sourcecode.c.objc; path = StreamViewController.m; sourceTree = "<group>"; };
		E5726A2716332BF800ED8BB1 /* StreamViewController.xib */ = {isa = PBXFileReference; fileEncoding = 4; lastKnownFileType = file.xib; path = StreamViewController.xib; sourceTree = "<group>"; };
		E577A74B16226AC4002D9651 /* MessageCell.h */ = {isa = PBXFileReference; fileEncoding = 4; lastKnownFileType = sourcecode.c.h; path = MessageCell.h; sourceTree = "<group>"; };
		E577A74C16226AC4002D9651 /* MessageCell.m */ = {isa = PBXFileReference; fileEncoding = 4; lastKnownFileType = sourcecode.c.objc; path = MessageCell.m; sourceTree = "<group>"; };
		E577A74E16226AFF002D9651 /* MessageCellView.xib */ = {isa = PBXFileReference; fileEncoding = 4; lastKnownFileType = file.xib; path = MessageCellView.xib; sourceTree = "<group>"; };
		E598E7871634A9940022BF4A /* ErrorViewController.h */ = {isa = PBXFileReference; fileEncoding = 4; lastKnownFileType = sourcecode.c.h; path = ErrorViewController.h; sourceTree = "<group>"; };
		E598E7881634A9940022BF4A /* ErrorViewController.m */ = {isa = PBXFileReference; fileEncoding = 4; lastKnownFileType = sourcecode.c.objc; path = ErrorViewController.m; sourceTree = "<group>"; };
		E598E7891634A9940022BF4A /* ErrorViewController~iphone.xib */ = {isa = PBXFileReference; fileEncoding = 4; lastKnownFileType = file.xib; path = "ErrorViewController~iphone.xib"; sourceTree = "<group>"; };
		E5CDE079162C88A800BBD773 /* LoginViewController.h */ = {isa = PBXFileReference; fileEncoding = 4; lastKnownFileType = sourcecode.c.h; path = LoginViewController.h; sourceTree = "<group>"; };
		E5CDE07A162C88A800BBD773 /* LoginViewController.m */ = {isa = PBXFileReference; fileEncoding = 4; lastKnownFileType = sourcecode.c.objc; path = LoginViewController.m; sourceTree = "<group>"; };
		E5CDE07B162C88A800BBD773 /* LoginViewController~iphone.xib */ = {isa = PBXFileReference; fileEncoding = 4; lastKnownFileType = file.xib; path = "LoginViewController~iphone.xib"; sourceTree = "<group>"; };
		E5DC8069165D347D008B53F9 /* ComposeViewController.h */ = {isa = PBXFileReference; fileEncoding = 4; lastKnownFileType = sourcecode.c.h; path = ComposeViewController.h; sourceTree = "<group>"; };
		E5DC806A165D347D008B53F9 /* ComposeViewController.m */ = {isa = PBXFileReference; fileEncoding = 4; lastKnownFileType = sourcecode.c.objc; path = ComposeViewController.m; sourceTree = "<group>"; };
		E5DC806B165D347D008B53F9 /* ComposeViewController~iphone.xib */ = {isa = PBXFileReference; fileEncoding = 4; lastKnownFileType = file.xib; path = "ComposeViewController~iphone.xib"; sourceTree = "<group>"; };
/* End PBXFileReference section */

/* Begin PBXFrameworksBuildPhase section */
		C316737D1620DB6B00CE9FE5 /* Frameworks */ = {
			isa = PBXFrameworksBuildPhase;
			buildActionMask = 2147483647;
			files = (
				B3F5628B17A8074C004B185A /* QuartzCore.framework in Frameworks */,
				B3469795179ED591006D0E9B /* CoreData.framework in Frameworks */,
				B3766D2E179DD1DF005FB0D4 /* MobileCoreServices.framework in Frameworks */,
				B3733CFB1779F7FD00714B6E /* SystemConfiguration.framework in Frameworks */,
				E50D7573163318DA00251D1F /* Security.framework in Frameworks */,
				C31673851620DB6B00CE9FE5 /* UIKit.framework in Frameworks */,
				C31673871620DB6B00CE9FE5 /* Foundation.framework in Frameworks */,
				C31673891620DB6B00CE9FE5 /* CoreGraphics.framework in Frameworks */,
				B3F50D76179DADF200F9DAE4 /* Crashlytics.framework in Frameworks */,
			);
			runOnlyForDeploymentPostprocessing = 0;
		};
		C31673A61620DB6C00CE9FE5 /* Frameworks */ = {
			isa = PBXFrameworksBuildPhase;
			buildActionMask = 2147483647;
			files = (
				C31673AC1620DB6C00CE9FE5 /* SenTestingKit.framework in Frameworks */,
				C31673AD1620DB6C00CE9FE5 /* UIKit.framework in Frameworks */,
				C31673AE1620DB6C00CE9FE5 /* Foundation.framework in Frameworks */,
				C31673AF1620DB6C00CE9FE5 /* CoreGraphics.framework in Frameworks */,
			);
			runOnlyForDeploymentPostprocessing = 0;
		};
/* End PBXFrameworksBuildPhase section */

/* Begin PBXGroup section */
		782681BD1795C512009F69F5 /* iPad */ = {
			isa = PBXGroup;
			children = (
				782681C81795CE08009F69F5 /* ComposeViewController~ipad.xib */,
				78B52F051796038F002B26DE /* ErrorViewController~ipad.xib */,
				782681CB1795D10C009F69F5 /* LoginViewController~ipad.xib */,
				782681BE1795C513009F69F5 /* MainWindow~ipad.xib */,
			);
			name = iPad;
			sourceTree = "<group>";
		};
		782681CA1795CFD2009F69F5 /* iPhone */ = {
			isa = PBXGroup;
			children = (
				E5DC806B165D347D008B53F9 /* ComposeViewController~iphone.xib */,
				E598E7891634A9940022BF4A /* ErrorViewController~iphone.xib */,
				E5CDE07B162C88A800BBD773 /* LoginViewController~iphone.xib */,
				C31673961620DB6B00CE9FE5 /* MainWindow-iphone.xib */,
			);
			name = iPhone;
			sourceTree = "<group>";
		};
		B3733CCA1778C63400714B6E /* Resources */ = {
			isa = PBXGroup;
			children = (
				B3AA069E17B4357B009B06F0 /* zulip_icon */,
				B3733CCB1778C75300714B6E /* Default-568h@2x.png */,
				B3F562A917ABEA8D004B185A /* home.png */,
				B3F562AA17ABEA8D004B185A /* home@2x.png */,
				B3F562AB17ABEA8D004B185A /* user.png */,
				B3F562AC17ABEA8D004B185A /* user@2x.png */,
				B3F562B417ABFD5C004B185A /* my_avatar_placeholder.png */,
				B3F562B517ABFD5C004B185A /* my_avatar_placeholder@2x.png */,
				B376984A17B56E8300D29D93 /* bullhorn.png */,
				B376984B17B56E8300D29D93 /* bullhorn@2x.png */,
				B376984C17B56E8300D29D93 /* user-toolbar.png */,
				B376984D17B56E8300D29D93 /* user-toolbar@2x.png */,
			);
			name = Resources;
			sourceTree = "<group>";
		};
		B3733CDC1779E9F800714B6E /* ThirdParty */ = {
			isa = PBXGroup;
			children = (
				B376986E17B5857600D29D93 /* JASidePanels */,
				B3F50D75179DADF200F9DAE4 /* Crashlytics.framework */,
				B3F50D58179DADE800F9DAE4 /* AFNetworking */,
			);
			name = ThirdParty;
			sourceTree = "<group>";
		};
		B3766D2F179DD668005FB0D4 /* Controllers */ = {
			isa = PBXGroup;
			children = (
				B3CC439317A7F07000C8AF3F /* View Controllers */,
				B34697C317A020D1006D0E9B /* ZulipAPIController.h */,
				B34697C417A020D1006D0E9B /* ZulipAPIController.m */,
				B3DDD2F617B02A0800F8D387 /* LongPoller.h */,
				B3DDD2F717B02A0800F8D387 /* LongPoller.m */,
				B3F562BF17AC3C65004B185A /* UnreadManager.h */,
				B3F562C017AC3C65004B185A /* UnreadManager.m */,
			);
			name = Controllers;
			sourceTree = "<group>";
		};
		B3766D30179DD675005FB0D4 /* Views */ = {
			isa = PBXGroup;
			children = (
				782681CA1795CFD2009F69F5 /* iPhone */,
				782681BD1795C512009F69F5 /* iPad */,
				E577A74B16226AC4002D9651 /* MessageCell.h */,
				E577A74C16226AC4002D9651 /* MessageCell.m */,
				E577A74E16226AFF002D9651 /* MessageCellView.xib */,
				B3F5629117A81C37004B185A /* SidebarStreamCell.h */,
				B3F5629217A81C37004B185A /* SidebarStreamCell.m */,
				B3F5629417A81C49004B185A /* SidebarStreamCell.xib */,
				B3F5629917A8674B004B185A /* SidebarStreamsHeader.xib */,
				B3F562B117ABEB85004B185A /* SidebarStreamsHeader.h */,
				B3F562B217ABEB85004B185A /* SidebarStreamsHeader.m */,
			);
			name = Views;
			sourceTree = "<group>";
		};
		B3766D31179DD6CF005FB0D4 /* Categories */ = {
			isa = PBXGroup;
			children = (
				E570A8BD169DF81E0072BC7E /* NSString+Encode.h */,
				E570A8BE169DF81E0072BC7E /* NSString+Encode.m */,
				B3733CD61778D5DD00714B6E /* UIColor+HexColor.h */,
				B3733CD71778D5DD00714B6E /* UIColor+HexColor.m */,
			);
			name = Categories;
			sourceTree = "<group>";
		};
		B3766D32179DD701005FB0D4 /* Models */ = {
			isa = PBXGroup;
			children = (
				B3766D3C179DDBE2005FB0D4 /* Zulip.xcdatamodeld */,
				B3F562BC17AC30BC004B185A /* ZMessage.h */,
				B3F562BD17AC30BC004B185A /* ZMessage.m */,
				B3CC439017A701A900C8AF3F /* ZUser.h */,
				B3CC439117A701A900C8AF3F /* ZUser.m */,
				B351822F17A1B20A00B41D75 /* ZSubscription.h */,
				B351823017A1B20A00B41D75 /* ZSubscription.m */,
				B3F5629B17A9A4EE004B185A /* RawMessage.h */,
				B3F5629C17A9A4EE004B185A /* RawMessage.m */,
				B3E8A76317B146090008EED7 /* RangePair.h */,
				B3E8A76417B146090008EED7 /* RangePair.m */,
			);
			name = Models;
			sourceTree = "<group>";
		};
		B376986E17B5857600D29D93 /* JASidePanels */ = {
			isa = PBXGroup;
			children = (
				B376986F17B5857600D29D93 /* JASidePanelController.h */,
				B376987017B5857600D29D93 /* JASidePanelController.m */,
				B376987117B5857600D29D93 /* UIViewController+JASidePanel.h */,
				B376987217B5857600D29D93 /* UIViewController+JASidePanel.m */,
			);
			name = JASidePanels;
			path = ThirdParty/JASidePanels;
			sourceTree = "<group>";
		};
		B3AA069E17B4357B009B06F0 /* zulip_icon */ = {
			isa = PBXGroup;
			children = (
				B376985417B56F0900D29D93 /* zulip-29.png */,
				B376985517B56F0900D29D93 /* zulip-50.png */,
				B376985617B56F0900D29D93 /* zulip-58.png */,
				B376985717B56F0900D29D93 /* zulip-72.png */,
				B376985817B56F0900D29D93 /* zulip-76.png */,
				B376985917B56F0900D29D93 /* zulip-80.png */,
				B376985A17B56F0900D29D93 /* zulip-120.png */,
				B376985B17B56F0900D29D93 /* zulip-144.png */,
				B376985C17B56F0900D29D93 /* zulip-152.png */,
				B376985D17B56F0900D29D93 /* zulip-512.png */,
				B376985E17B56F0900D29D93 /* zulip-1024.png */,
				B376985F17B56F0900D29D93 /* zulip.png */,
				B376986017B56F0900D29D93 /* zulip@2x.png */,
			);
			name = zulip_icon;
			sourceTree = "<group>";
		};
		B3CC439317A7F07000C8AF3F /* View Controllers */ = {
			isa = PBXGroup;
			children = (
				E5CDE079162C88A800BBD773 /* LoginViewController.h */,
				E5CDE07A162C88A800BBD773 /* LoginViewController.m */,
				E5726A2516332BF800ED8BB1 /* StreamViewController.h */,
				E5726A2616332BF800ED8BB1 /* StreamViewController.m */,
				E5726A2716332BF800ED8BB1 /* StreamViewController.xib */,
				B3CC439417A7F13700C8AF3F /* HomeViewController.h */,
				B3CC439517A7F13700C8AF3F /* HomeViewController.m */,
				B3F5629617A84FD5004B185A /* NarrowViewController.h */,
				B3F5629717A84FD5004B185A /* NarrowViewController.m */,
				E5DC8069165D347D008B53F9 /* ComposeViewController.h */,
				E5DC806A165D347D008B53F9 /* ComposeViewController.m */,
				E598E7871634A9940022BF4A /* ErrorViewController.h */,
				E598E7881634A9940022BF4A /* ErrorViewController.m */,
				B30F559F17B2D432006DC735 /* LeftSidebarViewController.h */,
				B30F55A017B2D432006DC735 /* LeftSidebarViewController.m */,
				B30F55A117B2D432006DC735 /* LeftSidebarViewController.xib */,
			);
			name = "View Controllers";
			sourceTree = "<group>";
		};
		B3F50D58179DADE800F9DAE4 /* AFNetworking */ = {
			isa = PBXGroup;
			children = (
				B3F50D59179DADE800F9DAE4 /* AFHTTPClient.h */,
				B3F50D5A179DADE800F9DAE4 /* AFHTTPClient.m */,
				B3F50D5B179DADE800F9DAE4 /* AFHTTPRequestOperation.h */,
				B3F50D5C179DADE800F9DAE4 /* AFHTTPRequestOperation.m */,
				B3F50D5D179DADE800F9DAE4 /* AFImageRequestOperation.h */,
				B3F50D5E179DADE800F9DAE4 /* AFImageRequestOperation.m */,
				B3F50D5F179DADE800F9DAE4 /* AFJSONRequestOperation.h */,
				B3F50D60179DADE800F9DAE4 /* AFJSONRequestOperation.m */,
				B3F50D61179DADE800F9DAE4 /* AFNetworkActivityIndicatorManager.h */,
				B3F50D62179DADE800F9DAE4 /* AFNetworkActivityIndicatorManager.m */,
				B3F50D63179DADE800F9DAE4 /* AFNetworking.h */,
				B3F50D64179DADE800F9DAE4 /* AFPropertyListRequestOperation.h */,
				B3F50D65179DADE800F9DAE4 /* AFPropertyListRequestOperation.m */,
				B3F50D66179DADE800F9DAE4 /* AFURLConnectionOperation.h */,
				B3F50D67179DADE800F9DAE4 /* AFURLConnectionOperation.m */,
				B3F50D68179DADE800F9DAE4 /* AFXMLRequestOperation.h */,
				B3F50D69179DADE800F9DAE4 /* AFXMLRequestOperation.m */,
				B3F50D6A179DADE800F9DAE4 /* UIImageView+AFNetworking.h */,
				B3F50D6B179DADE800F9DAE4 /* UIImageView+AFNetworking.m */,
			);
			name = AFNetworking;
			path = ThirdParty/AFNetworking;
			sourceTree = "<group>";
		};
		C31673751620DB6A00CE9FE5 = {
			isa = PBXGroup;
			children = (
				B3733CDC1779E9F800714B6E /* ThirdParty */,
				B3733CCA1778C63400714B6E /* Resources */,
				C316738A1620DB6B00CE9FE5 /* Zulip */,
				C31673B21620DB6C00CE9FE5 /* ZulipTests */,
				C31673831620DB6B00CE9FE5 /* Frameworks */,
				C31673811620DB6B00CE9FE5 /* Products */,
			);
			sourceTree = "<group>";
		};
		C31673811620DB6B00CE9FE5 /* Products */ = {
			isa = PBXGroup;
			children = (
				C31673801620DB6B00CE9FE5 /* Zulip.app */,
				C31673AA1620DB6C00CE9FE5 /* ZulipTests.octest */,
			);
			name = Products;
			sourceTree = "<group>";
		};
		C31673831620DB6B00CE9FE5 /* Frameworks */ = {
			isa = PBXGroup;
			children = (
				E50D7572163318D900251D1F /* Security.framework */,
				B3F5628A17A8074C004B185A /* QuartzCore.framework */,
				B3469794179ED591006D0E9B /* CoreData.framework */,
				B3766D2D179DD1DF005FB0D4 /* MobileCoreServices.framework */,
				B3733CFA1779F7FD00714B6E /* SystemConfiguration.framework */,
				E50D757516331B6600251D1F /* Security.framework */,
				C31673841620DB6B00CE9FE5 /* UIKit.framework */,
				C31673861620DB6B00CE9FE5 /* Foundation.framework */,
				C31673881620DB6B00CE9FE5 /* CoreGraphics.framework */,
				C31673AB1620DB6C00CE9FE5 /* SenTestingKit.framework */,
			);
			name = Frameworks;
			sourceTree = "<group>";
		};
		C316738A1620DB6B00CE9FE5 /* Zulip */ = {
			isa = PBXGroup;
			children = (
				C31673931620DB6B00CE9FE5 /* ZulipAppDelegate.h */,
				C31673941620DB6B00CE9FE5 /* ZulipAppDelegate.m */,
				E50D757716331D7A00251D1F /* KeychainItemWrapper.h */,
				E50D757816331D7A00251D1F /* KeychainItemWrapper.m */,
				B3F5629E17AAAE59004B185A /* NarrowOperators.h */,
				B3F5629F17AAAE59004B185A /* NarrowOperators.m */,
				B3766D32179DD701005FB0D4 /* Models */,
				B3766D30179DD675005FB0D4 /* Views */,
				B3766D2F179DD668005FB0D4 /* Controllers */,
				B376984717B52FD500D29D93 /* PreferencesWrapper.h */,
				B376984817B52FD500D29D93 /* PreferencesWrapper.m */,
				B3733CFC177A00D900714B6E /* ZulipAPIClient.h */,
				B3733CFD177A00D900714B6E /* ZulipAPIClient.m */,
				C316738B1620DB6B00CE9FE5 /* Supporting Files */,
				B3766D31179DD6CF005FB0D4 /* Categories */,
				B376985217B56EB100D29D93 /* Images.xcassets */,
			);
			path = Zulip;
			sourceTree = "<group>";
		};
		C316738B1620DB6B00CE9FE5 /* Supporting Files */ = {
			isa = PBXGroup;
			children = (
				C316738C1620DB6B00CE9FE5 /* Zulip-Info.plist */,
				C316738D1620DB6B00CE9FE5 /* InfoPlist.strings */,
				C31673901620DB6B00CE9FE5 /* main.m */,
				C31673921620DB6B00CE9FE5 /* Zulip-Prefix.pch */,
			);
			name = "Supporting Files";
			sourceTree = "<group>";
		};
		C31673B21620DB6C00CE9FE5 /* ZulipTests */ = {
			isa = PBXGroup;
			children = (
				C31673B81620DB6C00CE9FE5 /* ZulipTests.h */,
				C31673BA1620DB6C00CE9FE5 /* ZulipTests.m */,
				C31673B31620DB6C00CE9FE5 /* Supporting Files */,
			);
			path = ZulipTests;
			sourceTree = "<group>";
		};
		C31673B31620DB6C00CE9FE5 /* Supporting Files */ = {
			isa = PBXGroup;
			children = (
				C31673B41620DB6C00CE9FE5 /* ZulipTests-Info.plist */,
				C31673B51620DB6C00CE9FE5 /* InfoPlist.strings */,
			);
			name = "Supporting Files";
			sourceTree = "<group>";
		};
/* End PBXGroup section */

/* Begin PBXNativeTarget section */
		C316737F1620DB6B00CE9FE5 /* Zulip */ = {
			isa = PBXNativeTarget;
			buildConfigurationList = C31673BE1620DB6C00CE9FE5 /* Build configuration list for PBXNativeTarget "Zulip" */;
			buildPhases = (
				C316737C1620DB6B00CE9FE5 /* Sources */,
				C316737D1620DB6B00CE9FE5 /* Frameworks */,
				C316737E1620DB6B00CE9FE5 /* Resources */,
				B3F50D55179DAD1A00F9DAE4 /* ShellScript */,
			);
			buildRules = (
			);
			dependencies = (
			);
			name = Zulip;
			productName = Zulip;
			productReference = C31673801620DB6B00CE9FE5 /* Zulip.app */;
			productType = "com.apple.product-type.application";
		};
		C31673A91620DB6C00CE9FE5 /* ZulipTests */ = {
			isa = PBXNativeTarget;
			buildConfigurationList = C31673C11620DB6C00CE9FE5 /* Build configuration list for PBXNativeTarget "ZulipTests" */;
			buildPhases = (
				C31673A51620DB6C00CE9FE5 /* Sources */,
				C31673A61620DB6C00CE9FE5 /* Frameworks */,
				C31673A71620DB6C00CE9FE5 /* Resources */,
				C31673A81620DB6C00CE9FE5 /* ShellScript */,
			);
			buildRules = (
			);
			dependencies = (
				C31673B11620DB6C00CE9FE5 /* PBXTargetDependency */,
			);
			name = ZulipTests;
			productName = ZulipTests;
			productReference = C31673AA1620DB6C00CE9FE5 /* ZulipTests.octest */;
			productType = "com.apple.product-type.bundle";
		};
/* End PBXNativeTarget section */

/* Begin PBXProject section */
		C31673771620DB6A00CE9FE5 /* Project object */ = {
			isa = PBXProject;
			attributes = {
				LastUpgradeCheck = 0460;
				TargetAttributes = {
					C316737F1620DB6B00CE9FE5 = {
						DevelopmentTeam = 56LJSQP537;
					};
				};
			};
			buildConfigurationList = C316737A1620DB6A00CE9FE5 /* Build configuration list for PBXProject "Zulip" */;
			compatibilityVersion = "Xcode 3.2";
			developmentRegion = English;
			hasScannedForEncodings = 0;
			knownRegions = (
				en,
			);
			mainGroup = C31673751620DB6A00CE9FE5;
			productRefGroup = C31673811620DB6B00CE9FE5 /* Products */;
			projectDirPath = "";
			projectRoot = "";
			targets = (
				C316737F1620DB6B00CE9FE5 /* Zulip */,
				C31673A91620DB6C00CE9FE5 /* ZulipTests */,
			);
		};
/* End PBXProject section */

/* Begin PBXResourcesBuildPhase section */
		C316737E1620DB6B00CE9FE5 /* Resources */ = {
			isa = PBXResourcesBuildPhase;
			buildActionMask = 2147483647;
			files = (
				B3CC438A17A6E2E200C8AF3F /* MainWindow-iphone.xib in Resources */,
				B3CC438B17A6E2E200C8AF3F /* MainWindow~ipad.xib in Resources */,
				B376985317B56EB100D29D93 /* Images.xcassets in Resources */,
				C316738F1620DB6B00CE9FE5 /* InfoPlist.strings in Resources */,
				E577A74F16226AFF002D9651 /* MessageCellView.xib in Resources */,
				B376984F17B56E8300D29D93 /* bullhorn@2x.png in Resources */,
				B376985017B56E8300D29D93 /* user-toolbar.png in Resources */,
				B376986717B56F0900D29D93 /* zulip-120.png in Resources */,
				B376986817B56F0900D29D93 /* zulip-144.png in Resources */,
				E5CDE07D162C88A800BBD773 /* LoginViewController~iphone.xib in Resources */,
				B376986317B56F0900D29D93 /* zulip-58.png in Resources */,
				E5726A2916332BF800ED8BB1 /* StreamViewController.xib in Resources */,
				B376984E17B56E8300D29D93 /* bullhorn.png in Resources */,
				E598E78B1634A9950022BF4A /* ErrorViewController~iphone.xib in Resources */,
				B376986417B56F0900D29D93 /* zulip-72.png in Resources */,
				E5DC806D165D347D008B53F9 /* ComposeViewController~iphone.xib in Resources */,
				B3733CCF1778C75300714B6E /* Default-568h@2x.png in Resources */,
				B376986117B56F0900D29D93 /* zulip-29.png in Resources */,
				782681C91795CE08009F69F5 /* ComposeViewController~ipad.xib in Resources */,
				B376986B17B56F0900D29D93 /* zulip-1024.png in Resources */,
				B376986917B56F0900D29D93 /* zulip-152.png in Resources */,
				B376986A17B56F0900D29D93 /* zulip-512.png in Resources */,
				782681CC1795D10C009F69F5 /* LoginViewController~ipad.xib in Resources */,
				78B52F061796038F002B26DE /* ErrorViewController~ipad.xib in Resources */,
				B376986517B56F0900D29D93 /* zulip-76.png in Resources */,
				B30F55A317B2D432006DC735 /* LeftSidebarViewController.xib in Resources */,
				B376985117B56E8300D29D93 /* user-toolbar@2x.png in Resources */,
				B3F5629517A81C49004B185A /* SidebarStreamCell.xib in Resources */,
				B3F5629A17A8674B004B185A /* SidebarStreamsHeader.xib in Resources */,
				B376986617B56F0900D29D93 /* zulip-80.png in Resources */,
				B376986D17B56F0900D29D93 /* zulip@2x.png in Resources */,
				B3F562AD17ABEA8D004B185A /* home.png in Resources */,
				B376986217B56F0900D29D93 /* zulip-50.png in Resources */,
				B3F562AE17ABEA8D004B185A /* home@2x.png in Resources */,
				B3F562AF17ABEA8D004B185A /* user.png in Resources */,
				B3F562B017ABEA8D004B185A /* user@2x.png in Resources */,
				B3F562B617ABFD5C004B185A /* my_avatar_placeholder.png in Resources */,
				B376986C17B56F0900D29D93 /* zulip.png in Resources */,
				B3F562B717ABFD5C004B185A /* my_avatar_placeholder@2x.png in Resources */,
			);
			runOnlyForDeploymentPostprocessing = 0;
		};
		C31673A71620DB6C00CE9FE5 /* Resources */ = {
			isa = PBXResourcesBuildPhase;
			buildActionMask = 2147483647;
			files = (
				C31673B71620DB6C00CE9FE5 /* InfoPlist.strings in Resources */,
				C31673B91620DB6C00CE9FE5 /* ZulipTests.h in Resources */,
			);
			runOnlyForDeploymentPostprocessing = 0;
		};
/* End PBXResourcesBuildPhase section */

/* Begin PBXShellScriptBuildPhase section */
		B3F50D55179DAD1A00F9DAE4 /* ShellScript */ = {
			isa = PBXShellScriptBuildPhase;
			buildActionMask = 2147483647;
			files = (
			);
			inputPaths = (
			);
			outputPaths = (
			);
			runOnlyForDeploymentPostprocessing = 0;
			shellPath = /bin/sh;
			shellScript = "./ThirdParty/Crashlytics.framework/run 7c523eb4efdbd264d6d4a7403ee7a683b733a9bd";
		};
		C31673A81620DB6C00CE9FE5 /* ShellScript */ = {
			isa = PBXShellScriptBuildPhase;
			buildActionMask = 2147483647;
			files = (
			);
			inputPaths = (
			);
			outputPaths = (
			);
			runOnlyForDeploymentPostprocessing = 0;
			shellPath = /bin/sh;
			shellScript = "# Run the unit tests in this test bundle.\n\"${SYSTEM_DEVELOPER_DIR}/Tools/RunUnitTests\"\n";
		};
/* End PBXShellScriptBuildPhase section */

/* Begin PBXSourcesBuildPhase section */
		C316737C1620DB6B00CE9FE5 /* Sources */ = {
			isa = PBXSourcesBuildPhase;
			buildActionMask = 2147483647;
			files = (
				780CF5E3179608FE0053481C /* ComposeViewController.m in Sources */,
				C31673911620DB6B00CE9FE5 /* main.m in Sources */,
				B30F55A217B2D432006DC735 /* LeftSidebarViewController.m in Sources */,
				C31673951620DB6B00CE9FE5 /* ZulipAppDelegate.m in Sources */,
				E577A74D16226AC4002D9651 /* MessageCell.m in Sources */,
				B376987417B5857600D29D93 /* UIViewController+JASidePanel.m in Sources */,
				E5CDE07C162C88A800BBD773 /* LoginViewController.m in Sources */,
				B376984917B52FD500D29D93 /* PreferencesWrapper.m in Sources */,
				E50D757916331D7A00251D1F /* KeychainItemWrapper.m in Sources */,
				E5726A2816332BF800ED8BB1 /* StreamViewController.m in Sources */,
				E598E78A1634A9950022BF4A /* ErrorViewController.m in Sources */,
				E570A8BF169DF81E0072BC7E /* NSString+Encode.m in Sources */,
				B376987317B5857600D29D93 /* JASidePanelController.m in Sources */,
				B3733CD81778D5DD00714B6E /* UIColor+HexColor.m in Sources */,
				B3733CFE177A00D900714B6E /* ZulipAPIClient.m in Sources */,
				B3F50D6C179DADE800F9DAE4 /* AFHTTPClient.m in Sources */,
				B3F50D6D179DADE800F9DAE4 /* AFHTTPRequestOperation.m in Sources */,
				B3F50D6E179DADE800F9DAE4 /* AFImageRequestOperation.m in Sources */,
				B3F50D6F179DADE800F9DAE4 /* AFJSONRequestOperation.m in Sources */,
				B3F50D70179DADE800F9DAE4 /* AFNetworkActivityIndicatorManager.m in Sources */,
				B3F50D71179DADE800F9DAE4 /* AFPropertyListRequestOperation.m in Sources */,
				B3F50D72179DADE800F9DAE4 /* AFURLConnectionOperation.m in Sources */,
				B3F50D73179DADE800F9DAE4 /* AFXMLRequestOperation.m in Sources */,
				B3F50D74179DADE800F9DAE4 /* UIImageView+AFNetworking.m in Sources */,
				B3766D3E179DDBE2005FB0D4 /* Zulip.xcdatamodeld in Sources */,
				B34697C517A020D1006D0E9B /* ZulipAPIController.m in Sources */,
				B351823117A1B20A00B41D75 /* ZSubscription.m in Sources */,
				B3CC439217A701A900C8AF3F /* ZUser.m in Sources */,
				B3CC439617A7F13700C8AF3F /* HomeViewController.m in Sources */,
				B3F5629317A81C37004B185A /* SidebarStreamCell.m in Sources */,
				B3F5629817A84FD5004B185A /* NarrowViewController.m in Sources */,
				B3F5629D17A9A4EE004B185A /* RawMessage.m in Sources */,
				B3F562A017AAAE5A004B185A /* NarrowOperators.m in Sources */,
				B3F562B317ABEB85004B185A /* SidebarStreamsHeader.m in Sources */,
				B3F562BE17AC30BC004B185A /* ZMessage.m in Sources */,
				B3F562C117AC3C65004B185A /* UnreadManager.m in Sources */,
				B3DDD2F817B02A0800F8D387 /* LongPoller.m in Sources */,
				B3E8A76517B146090008EED7 /* RangePair.m in Sources */,
			);
			runOnlyForDeploymentPostprocessing = 0;
		};
		C31673A51620DB6C00CE9FE5 /* Sources */ = {
			isa = PBXSourcesBuildPhase;
			buildActionMask = 2147483647;
			files = (
				C31673BB1620DB6C00CE9FE5 /* ZulipTests.m in Sources */,
			);
			runOnlyForDeploymentPostprocessing = 0;
		};
/* End PBXSourcesBuildPhase section */

/* Begin PBXTargetDependency section */
		C31673B11620DB6C00CE9FE5 /* PBXTargetDependency */ = {
			isa = PBXTargetDependency;
			target = C316737F1620DB6B00CE9FE5 /* Zulip */;
			targetProxy = C31673B01620DB6C00CE9FE5 /* PBXContainerItemProxy */;
		};
/* End PBXTargetDependency section */

/* Begin PBXVariantGroup section */
		782681BE1795C513009F69F5 /* MainWindow~ipad.xib */ = {
			isa = PBXVariantGroup;
			children = (
				782681BF1795C513009F69F5 /* en */,
			);
			name = "MainWindow~ipad.xib";
			sourceTree = "<group>";
		};
		C316738D1620DB6B00CE9FE5 /* InfoPlist.strings */ = {
			isa = PBXVariantGroup;
			children = (
				C316738E1620DB6B00CE9FE5 /* en */,
			);
			name = InfoPlist.strings;
			sourceTree = "<group>";
		};
		C31673961620DB6B00CE9FE5 /* MainWindow-iphone.xib */ = {
			isa = PBXVariantGroup;
			children = (
				C31673971620DB6B00CE9FE5 /* en */,
			);
			name = "MainWindow-iphone.xib";
			sourceTree = "<group>";
		};
		C31673B51620DB6C00CE9FE5 /* InfoPlist.strings */ = {
			isa = PBXVariantGroup;
			children = (
				C31673B61620DB6C00CE9FE5 /* en */,
			);
			name = InfoPlist.strings;
			sourceTree = "<group>";
		};
/* End PBXVariantGroup section */

/* Begin XCBuildConfiguration section */
		C31673BC1620DB6C00CE9FE5 /* Debug */ = {
			isa = XCBuildConfiguration;
			buildSettings = {
				ALWAYS_SEARCH_USER_PATHS = NO;
				ARCHS = "$(ARCHS_STANDARD_32_BIT)";
				CLANG_ENABLE_OBJC_ARC = NO;
				CODE_SIGN_IDENTITY = "iPhone Developer: Jessica McKellar (9QY7MX763F)";
				"CODE_SIGN_IDENTITY[sdk=iphoneos*]" = "iPhone Developer";
				COPY_PHASE_STRIP = NO;
				GCC_C_LANGUAGE_STANDARD = gnu99;
				GCC_DYNAMIC_NO_PIC = NO;
				GCC_OPTIMIZATION_LEVEL = 0;
				GCC_PREPROCESSOR_DEFINITIONS = (
					"DEBUG=1",
					"$(inherited)",
				);
				GCC_SYMBOLS_PRIVATE_EXTERN = NO;
				GCC_VERSION = com.apple.compilers.llvmgcc42;
				GCC_WARN_ABOUT_MISSING_PROTOTYPES = YES;
				GCC_WARN_ABOUT_RETURN_TYPE = YES;
				GCC_WARN_UNUSED_VARIABLE = YES;
				IPHONEOS_DEPLOYMENT_TARGET = 4.3;
				PROVISIONING_PROFILE = "BF07EDC8-DDDB-4D74-BF8C-67CDBA82A75F";
				SDKROOT = iphoneos;
			};
			name = Debug;
		};
		C31673BD1620DB6C00CE9FE5 /* Release */ = {
			isa = XCBuildConfiguration;
			buildSettings = {
				ALWAYS_SEARCH_USER_PATHS = NO;
				ARCHS = "$(ARCHS_STANDARD_32_BIT)";
				CLANG_ENABLE_OBJC_ARC = NO;
				CODE_SIGN_IDENTITY = "iPhone Developer: Jessica McKellar (9QY7MX763F)";
				"CODE_SIGN_IDENTITY[sdk=iphoneos*]" = "iPhone Developer";
				COPY_PHASE_STRIP = YES;
				GCC_C_LANGUAGE_STANDARD = gnu99;
				GCC_VERSION = com.apple.compilers.llvmgcc42;
				GCC_WARN_ABOUT_MISSING_PROTOTYPES = YES;
				GCC_WARN_ABOUT_RETURN_TYPE = YES;
				GCC_WARN_UNUSED_VARIABLE = YES;
				IPHONEOS_DEPLOYMENT_TARGET = 4.3;
				OTHER_CFLAGS = "-DNS_BLOCK_ASSERTIONS=1";
				PROVISIONING_PROFILE = "BF07EDC8-DDDB-4D74-BF8C-67CDBA82A75F";
				SDKROOT = iphoneos;
				VALIDATE_PRODUCT = YES;
			};
			name = Release;
		};
		C31673BF1620DB6C00CE9FE5 /* Debug */ = {
			isa = XCBuildConfiguration;
			buildSettings = {
				ASSETCATALOG_COMPILER_APPICON_NAME = AppIcon;
				ASSETCATALOG_COMPILER_LAUNCHIMAGE_NAME = LaunchImage;
				CLANG_ANALYZER_SECURITY_FLOATLOOPCOUNTER = YES;
				CLANG_ANALYZER_SECURITY_INSECUREAPI_RAND = YES;
				CLANG_ANALYZER_SECURITY_INSECUREAPI_STRCPY = YES;
				CLANG_ENABLE_OBJC_ARC = YES;
				CLANG_WARN_CONSTANT_CONVERSION = YES;
				CLANG_WARN_EMPTY_BODY = YES;
				CLANG_WARN_ENUM_CONVERSION = YES;
				CLANG_WARN_IMPLICIT_SIGN_CONVERSION = NO;
				CLANG_WARN_INT_CONVERSION = YES;
				CLANG_WARN_OBJC_IMPLICIT_ATOMIC_PROPERTIES = NO;
				CLANG_WARN_OBJC_RECEIVER_WEAK = NO;
				CLANG_WARN_SUSPICIOUS_IMPLICIT_CONVERSION = YES;
				CLANG_WARN__DUPLICATE_METHOD_MATCH = YES;
				CODE_SIGN_IDENTITY = "iPhone Developer";
				FRAMEWORK_SEARCH_PATHS = (
					"$(inherited)",
					"\"$(SRCROOT)\"",
					"\"$(SRCROOT)/ThirdParty\"",
				);
				GCC_PRECOMPILE_PREFIX_HEADER = YES;
				GCC_PREFIX_HEADER = "Zulip/Zulip-Prefix.pch";
				GCC_TREAT_WARNINGS_AS_ERRORS = YES;
				GCC_VERSION = com.apple.compilers.llvm.clang.1_0;
				GCC_WARN_64_TO_32_BIT_CONVERSION = YES;
				GCC_WARN_ABOUT_MISSING_FIELD_INITIALIZERS = YES;
				GCC_WARN_ABOUT_MISSING_NEWLINE = YES;
				GCC_WARN_FOUR_CHARACTER_CONSTANTS = YES;
				GCC_WARN_INITIALIZER_NOT_FULLY_BRACKETED = YES;
				GCC_WARN_PEDANTIC = NO;
				GCC_WARN_SHADOW = YES;
				GCC_WARN_SIGN_COMPARE = YES;
				GCC_WARN_STRICT_SELECTOR_MATCH = YES;
				GCC_WARN_UNDECLARED_SELECTOR = NO;
				GCC_WARN_UNINITIALIZED_AUTOS = YES;
				GCC_WARN_UNUSED_FUNCTION = YES;
				GCC_WARN_UNUSED_LABEL = YES;
				GCC_WARN_UNUSED_PARAMETER = NO;
				INFOPLIST_FILE = "$(SRCROOT)/Zulip/Zulip-Info.plist";
				IPHONEOS_DEPLOYMENT_TARGET = 6.0;
				PRODUCT_NAME = Zulip;
				PROVISIONING_PROFILE = "";
				RUN_CLANG_STATIC_ANALYZER = YES;
				TARGETED_DEVICE_FAMILY = "1,2";
				WRAPPER_EXTENSION = app;
			};
			name = Debug;
		};
		C31673C01620DB6C00CE9FE5 /* Release */ = {
			isa = XCBuildConfiguration;
			buildSettings = {
				ASSETCATALOG_COMPILER_APPICON_NAME = AppIcon;
				ASSETCATALOG_COMPILER_LAUNCHIMAGE_NAME = LaunchImage;
				CLANG_ANALYZER_SECURITY_FLOATLOOPCOUNTER = YES;
				CLANG_ANALYZER_SECURITY_INSECUREAPI_RAND = YES;
				CLANG_ANALYZER_SECURITY_INSECUREAPI_STRCPY = YES;
				CLANG_ENABLE_OBJC_ARC = YES;
				CLANG_WARN_CONSTANT_CONVERSION = YES;
				CLANG_WARN_EMPTY_BODY = YES;
				CLANG_WARN_ENUM_CONVERSION = YES;
				CLANG_WARN_IMPLICIT_SIGN_CONVERSION = NO;
				CLANG_WARN_INT_CONVERSION = YES;
				CLANG_WARN_OBJC_IMPLICIT_ATOMIC_PROPERTIES = NO;
				CLANG_WARN_OBJC_RECEIVER_WEAK = NO;
				CLANG_WARN_SUSPICIOUS_IMPLICIT_CONVERSION = YES;
				CLANG_WARN__DUPLICATE_METHOD_MATCH = YES;
				CODE_SIGN_IDENTITY = "iPhone Distribution";
				"CODE_SIGN_IDENTITY[sdk=iphoneos*]" = "iPhone Distribution";
				FRAMEWORK_SEARCH_PATHS = (
					"$(inherited)",
					"\"$(SRCROOT)\"",
					"\"$(SRCROOT)/ThirdParty\"",
				);
				GCC_PRECOMPILE_PREFIX_HEADER = YES;
				GCC_PREFIX_HEADER = "Zulip/Zulip-Prefix.pch";
				GCC_TREAT_WARNINGS_AS_ERRORS = YES;
				GCC_VERSION = com.apple.compilers.llvm.clang.1_0;
				GCC_WARN_64_TO_32_BIT_CONVERSION = YES;
				GCC_WARN_ABOUT_MISSING_FIELD_INITIALIZERS = YES;
				GCC_WARN_ABOUT_MISSING_NEWLINE = YES;
				GCC_WARN_FOUR_CHARACTER_CONSTANTS = YES;
				GCC_WARN_INITIALIZER_NOT_FULLY_BRACKETED = YES;
				GCC_WARN_PEDANTIC = NO;
				GCC_WARN_SHADOW = YES;
				GCC_WARN_SIGN_COMPARE = YES;
				GCC_WARN_STRICT_SELECTOR_MATCH = YES;
				GCC_WARN_UNDECLARED_SELECTOR = NO;
				GCC_WARN_UNINITIALIZED_AUTOS = YES;
				GCC_WARN_UNUSED_FUNCTION = YES;
				GCC_WARN_UNUSED_LABEL = YES;
				GCC_WARN_UNUSED_PARAMETER = NO;
				INFOPLIST_FILE = "$(SRCROOT)/Zulip/Zulip-Info.plist";
				IPHONEOS_DEPLOYMENT_TARGET = 6.0;
				PRODUCT_NAME = Zulip;
				PROVISIONING_PROFILE = "";
				"PROVISIONING_PROFILE[sdk=iphoneos*]" = "";
				RUN_CLANG_STATIC_ANALYZER = NO;
				TARGETED_DEVICE_FAMILY = "1,2";
				WRAPPER_EXTENSION = app;
			};
			name = Release;
		};
		C31673C21620DB6C00CE9FE5 /* Debug */ = {
			isa = XCBuildConfiguration;
			buildSettings = {
				BUNDLE_LOADER = "$(BUILT_PRODUCTS_DIR)/Zulip.app/Zulip";
				FRAMEWORK_SEARCH_PATHS = (
					"$(SDKROOT)/Developer/Library/Frameworks",
					"$(DEVELOPER_LIBRARY_DIR)/Frameworks",
				);
				GCC_PRECOMPILE_PREFIX_HEADER = YES;
				GCC_PREFIX_HEADER = "Zulip/Zulip-Prefix.pch";
				GCC_VERSION = com.apple.compilers.llvm.clang.1_0;
				INFOPLIST_FILE = "ZulipTests/ZulipTests-Info.plist";
				PRODUCT_NAME = ZulipTests;
				TEST_HOST = "$(BUNDLE_LOADER)";
				WRAPPER_EXTENSION = octest;
			};
			name = Debug;
		};
		C31673C31620DB6C00CE9FE5 /* Release */ = {
			isa = XCBuildConfiguration;
			buildSettings = {
				BUNDLE_LOADER = "$(BUILT_PRODUCTS_DIR)/Zulip.app/Zulip";
				FRAMEWORK_SEARCH_PATHS = (
					"$(SDKROOT)/Developer/Library/Frameworks",
					"$(DEVELOPER_LIBRARY_DIR)/Frameworks",
				);
				GCC_PRECOMPILE_PREFIX_HEADER = YES;
				GCC_PREFIX_HEADER = "Zulip/Zulip-Prefix.pch";
				GCC_VERSION = com.apple.compilers.llvm.clang.1_0;
				INFOPLIST_FILE = "ZulipTests/ZulipTests-Info.plist";
				PRODUCT_NAME = ZulipTests;
				TEST_HOST = "$(BUNDLE_LOADER)";
				WRAPPER_EXTENSION = octest;
			};
			name = Release;
		};
/* End XCBuildConfiguration section */

/* Begin XCConfigurationList section */
		C316737A1620DB6A00CE9FE5 /* Build configuration list for PBXProject "Zulip" */ = {
			isa = XCConfigurationList;
			buildConfigurations = (
				C31673BC1620DB6C00CE9FE5 /* Debug */,
				C31673BD1620DB6C00CE9FE5 /* Release */,
			);
			defaultConfigurationIsVisible = 0;
			defaultConfigurationName = Release;
		};
		C31673BE1620DB6C00CE9FE5 /* Build configuration list for PBXNativeTarget "Zulip" */ = {
			isa = XCConfigurationList;
			buildConfigurations = (
				C31673BF1620DB6C00CE9FE5 /* Debug */,
				C31673C01620DB6C00CE9FE5 /* Release */,
			);
			defaultConfigurationIsVisible = 0;
			defaultConfigurationName = Release;
		};
		C31673C11620DB6C00CE9FE5 /* Build configuration list for PBXNativeTarget "ZulipTests" */ = {
			isa = XCConfigurationList;
			buildConfigurations = (
				C31673C21620DB6C00CE9FE5 /* Debug */,
				C31673C31620DB6C00CE9FE5 /* Release */,
			);
			defaultConfigurationIsVisible = 0;
			defaultConfigurationName = Release;
		};
/* End XCConfigurationList section */

/* Begin XCVersionGroup section */
		B3766D3C179DDBE2005FB0D4 /* Zulip.xcdatamodeld */ = {
			isa = XCVersionGroup;
			children = (
				B376987517B5879300D29D93 /* Zulip 1.0.xcdatamodel */,
				B3766D3D179DDBE2005FB0D4 /* Zulip.xcdatamodel */,
			);
			currentVersion = B376987517B5879300D29D93 /* Zulip 1.0.xcdatamodel */;
			name = Zulip.xcdatamodeld;
			path = Models/Zulip.xcdatamodeld;
			sourceTree = "<group>";
			versionGroupType = wrapper.xcdatamodel;
		};
/* End XCVersionGroup section */
	};
	rootObject = C31673771620DB6A00CE9FE5 /* Project object */;
}
